// !$*UTF8*$!
{
	archiveVersion = 1;
	classes = {
	};
	objectVersion = 77;
	objects = {

/* Begin PBXBuildFile section */
		0376066655E5EABE0DB4932A /* HomeViewModelTests.swift in Sources */ = {isa = PBXBuildFile; fileRef = 0159492A9773A48A8C36E3DA /* HomeViewModelTests.swift */; };
		039FC85290FB5D2856C5C06B /* CloudWordRepository.swift in Sources */ = {isa = PBXBuildFile; fileRef = C2C8BA8CF643ABB5D618DDB9 /* CloudWordRepository.swift */; };
		03F6B6B362CFA4BB86388559 /* QuizStatsStore.swift in Sources */ = {isa = PBXBuildFile; fileRef = 410B28B95A71D3017B943659 /* QuizStatsStore.swift */; };
		0467C68EF7AB529E9FEDB44C /* StatsViewModel.swift in Sources */ = {isa = PBXBuildFile; fileRef = B5E44F74E37E59F174779E99 /* StatsViewModel.swift */; };
		0505BA64A0D87B083AEE8A7F /* ShareImportService.swift in Sources */ = {isa = PBXBuildFile; fileRef = 70EE399A9A7873C8F5DB571D /* ShareImportService.swift */; };
		05F3446C0866B4D578EA912E /* FlashcardViewModel.swift in Sources */ = {isa = PBXBuildFile; fileRef = 3AA3A85E385350CCF73A4EBE /* FlashcardViewModel.swift */; };
		0882446863187413B23EE0AF /* MerkenIOSUITests.swift in Sources */ = {isa = PBXBuildFile; fileRef = 36643506EBB30535BE85B2BC /* MerkenIOSUITests.swift */; };
		0B1E4010C17A1C4F548F6552 /* MerkenActionExtension.appex in Embed Foundation Extensions */ = {isa = PBXBuildFile; fileRef = 79A16D6FAF8B57FA71EDC20D /* MerkenActionExtension.appex */; settings = {ATTRIBUTES = (RemoveHeadersOnCopy, ); }; };
		0B27CA4836C5936A0A782BAD /* CameraView.swift in Sources */ = {isa = PBXBuildFile; fileRef = F9615BEF3A9E8F028664EC53 /* CameraView.swift */; };
		1229A3D5CE47F93AA64634CE /* ContactView.swift in Sources */ = {isa = PBXBuildFile; fileRef = DCD784AE2C98504CF137A981 /* ContactView.swift */; };
		13908EB1906027E02B76BA50 /* ShareImportModels.swift in Sources */ = {isa = PBXBuildFile; fileRef = C1F1059DF22F61472C6AB548 /* ShareImportModels.swift */; };
		145BC20C68028ED44310247E /* SentenceQuizProgressStore.swift in Sources */ = {isa = PBXBuildFile; fileRef = 92AC65485A0C62F0F0F218C8 /* SentenceQuizProgressStore.swift */; };
		17F0CC03925E7CD0D23FFD8D /* ShareImportBridge.swift in Sources */ = {isa = PBXBuildFile; fileRef = AD1DB811009B96029891DEF0 /* ShareImportBridge.swift */; };
		182F673E075ACB143251C4D5 /* SearchViewModel.swift in Sources */ = {isa = PBXBuildFile; fileRef = 3030DAACE90D702433A311CF /* SearchViewModel.swift */; };
		18CCDBCCDF984BA55D4FA769 /* SignUpView.swift in Sources */ = {isa = PBXBuildFile; fileRef = 6C33FD957BB7467556D64C22 /* SignUpView.swift */; };
		1B05C8B3314E080C773BE2A9 /* WordEditorSheet.swift in Sources */ = {isa = PBXBuildFile; fileRef = 2A5D52FEC41B3B9AFB9AD0BB /* WordEditorSheet.swift */; };
		1D0E00DC0F465DA6B12CD3F3 /* CollectionRepository.swift in Sources */ = {isa = PBXBuildFile; fileRef = BB6EB875610B326E50168275 /* CollectionRepository.swift */; };
		2078F8A78CDBCEB131B6C304 /* SemanticSearchDTO.swift in Sources */ = {isa = PBXBuildFile; fileRef = EAFC4CF87875A694D2CBAA03 /* SemanticSearchDTO.swift */; };
		2355A94737AD853DF3B1E1BF /* AppDelegate.swift in Sources */ = {isa = PBXBuildFile; fileRef = D145A166F9511A69D4F1E6AF /* AppDelegate.swift */; };
		254186A41262DF4FFC90E099 /* QuickResponseView.swift in Sources */ = {isa = PBXBuildFile; fileRef = D4F73FA543C6DFA31FE73146 /* QuickResponseView.swift */; };
		266B6E8CDFAF1633BAAB2B27 /* CreateBookshelfSheet.swift in Sources */ = {isa = PBXBuildFile; fileRef = 7D1535FD33287E38DC613A8B /* CreateBookshelfSheet.swift */; };
		2682725F7B2DF61C065B61F7 /* ThemeCubeSelector.swift in Sources */ = {isa = PBXBuildFile; fileRef = FDD4382AD7F9408A63AF30B7 /* ThemeCubeSelector.swift */; };
		273131CA834450DC3A3AB2CC /* MerkenHaptic.swift in Sources */ = {isa = PBXBuildFile; fileRef = 9A7188A93B5588F5A8186B76 /* MerkenHaptic.swift */; };
		285B1F6A64363279D591E317 /* IconBadge.swift in Sources */ = {isa = PBXBuildFile; fileRef = BB2F6658A73DB754E2A1A496 /* IconBadge.swift */; };
		2A8732D1BC569A3ECAD64CA3 /* DomainModels.swift in Sources */ = {isa = PBXBuildFile; fileRef = 9F0B56826D87C20057FE4A4E /* DomainModels.swift */; };
		2E43FB64DB0C1E38FE9E55FA /* WordListViewModel.swift in Sources */ = {isa = PBXBuildFile; fileRef = 1D14F2A209459F83F00FC77C /* WordListViewModel.swift */; };
		317B896DAFCC0F95C8027679 /* QuickResponseViewModel.swift in Sources */ = {isa = PBXBuildFile; fileRef = CABE41B7A4FFA5000E10A7B7 /* QuickResponseViewModel.swift */; };
		34269B6CA4AAC44BEB00B85B /* SentenceQuizView.swift in Sources */ = {isa = PBXBuildFile; fileRef = C8A672E33199F9405E81A439 /* SentenceQuizView.swift */; };
		34E78FB657D1F4BDA3030A59 /* OnboardingView.swift in Sources */ = {isa = PBXBuildFile; fileRef = 440AC8F91EC5AD1F2EB83289 /* OnboardingView.swift */; };
		38CDE077537991E745B6A502 /* ImageCompressor.swift in Sources */ = {isa = PBXBuildFile; fileRef = 1EFE8C168B7F3CED6C68ABC1 /* ImageCompressor.swift */; };
		38E4C70E759B6CF75E34E402 /* WordListView.swift in Sources */ = {isa = PBXBuildFile; fileRef = 41BF5284FA3263B19D304B15 /* WordListView.swift */; };
		390C1A2B033473D4C459337C /* DateCoding.swift in Sources */ = {isa = PBXBuildFile; fileRef = 6EDEF00FC28A0DC82D690530 /* DateCoding.swift */; };
		3A52EDBC991FE880384EC4FC /* ProjectListView.swift in Sources */ = {isa = PBXBuildFile; fileRef = 2345581B29EC062ACC99457B /* ProjectListView.swift */; };
		3AEE7297E786FDF8D1C697D7 /* TransparentNavBar.swift in Sources */ = {isa = PBXBuildFile; fileRef = 7D4BA80D45694303CC33CB7A /* TransparentNavBar.swift */; };
		3E37F4205F1D1AE1A71E1CC4 /* TimeAttackView.swift in Sources */ = {isa = PBXBuildFile; fileRef = 6A9BB58AB448AAFBF7162B47 /* TimeAttackView.swift */; };
		40EE2EAED93CC20EAF2C8456 /* BookshelfTabView.swift in Sources */ = {isa = PBXBuildFile; fileRef = 9D8414867286CF9EEF225162 /* BookshelfTabView.swift */; };
		43C6C458CE58EA3A9C3F6E85 /* ScanConfirmView.swift in Sources */ = {isa = PBXBuildFile; fileRef = 0FF9C5352AB1173D35DBB46B /* ScanConfirmView.swift */; };
		45583E1DC5B732A000DCEC24 /* LoginGateView.swift in Sources */ = {isa = PBXBuildFile; fileRef = 0DDDA02EEF08933E0DE34910 /* LoginGateView.swift */; };
		46240C42F098431A0C66CA94 /* QuizViewModel.swift in Sources */ = {isa = PBXBuildFile; fileRef = 528A9430116E2D659E74D431 /* QuizViewModel.swift */; };
		466006A97601CF4125018595 /* SafariView.swift in Sources */ = {isa = PBXBuildFile; fileRef = 42B964C51CAEF1A9D4EDD742 /* SafariView.swift */; };
		482261E84A6456F0C6F3A02C /* AppConfigTests.swift in Sources */ = {isa = PBXBuildFile; fileRef = 9DBD7D4AEA23D2B2E005E0C8 /* AppConfigTests.swift */; };
		492D27CB88B80590F8AA2C16 /* SentenceQuizViewModel.swift in Sources */ = {isa = PBXBuildFile; fileRef = BA64C56CCA739186C6EEECF6 /* SentenceQuizViewModel.swift */; };
		497DD811DD4A5BA806F9FD4A /* AppBackground.swift in Sources */ = {isa = PBXBuildFile; fileRef = A66AD89C96ED3EA46B7F82A7 /* AppBackground.swift */; };
		4EBFDB6D125B13FD50C69AD3 /* LocalRecords.swift in Sources */ = {isa = PBXBuildFile; fileRef = F8D492636999D00FF08665C5 /* LocalRecords.swift */; };
		5622E481DFE4018505C6294E /* HomeViewModel.swift in Sources */ = {isa = PBXBuildFile; fileRef = 5C4B1F5C32E6E783B32304EE /* HomeViewModel.swift */; };
		564BCD6FF9B3272904999385 /* AddToBookshelfSheet.swift in Sources */ = {isa = PBXBuildFile; fileRef = 414D40FE25A20B7FFEE459B4 /* AddToBookshelfSheet.swift */; };
		5819BA1E558A83EA4D4952BF /* GlassSurface.swift in Sources */ = {isa = PBXBuildFile; fileRef = 5C2F9AC06DD904DFA1E928C7 /* GlassSurface.swift */; };
		590F801E938E63F25CF704A4 /* SentenceQuizDTO.swift in Sources */ = {isa = PBXBuildFile; fileRef = 30935187DFB30E1359223B86 /* SentenceQuizDTO.swift */; };
		59FC9E3327998707F9D38AAD /* ProjectListViewModel.swift in Sources */ = {isa = PBXBuildFile; fileRef = 7487B0340A020CEE4833B4EA /* ProjectListViewModel.swift */; };
		5C5DCED4E8C7D10E39E9463C /* ShareImportModels.swift in Sources */ = {isa = PBXBuildFile; fileRef = C1F1059DF22F61472C6AB548 /* ShareImportModels.swift */; };
		5CF30DE90BD1EBAC4D73C1E1 /* ShareViewController.swift in Sources */ = {isa = PBXBuildFile; fileRef = 9C934020083DE64117685AC1 /* ShareViewController.swift */; };
		5F2888977D3C580930B7A405 /* RootTabView.swift in Sources */ = {isa = PBXBuildFile; fileRef = CAE12646C56BDB1E53A54D5B /* RootTabView.swift */; };
		5F76F43BC7B3FE61CAEB7858 /* AppContainer.swift in Sources */ = {isa = PBXBuildFile; fileRef = DBF4BC78A93EA57FB70B45A7 /* AppContainer.swift */; };
		622A1093221282ADF1E4C28E /* TimeAttackViewModel.swift in Sources */ = {isa = PBXBuildFile; fileRef = EF1B322479B79E8D7C5B666B /* TimeAttackViewModel.swift */; };
		62A5EC3CC7DDF8557607B5E6 /* Theme.swift in Sources */ = {isa = PBXBuildFile; fileRef = 11D9166060F6627FC5271207 /* Theme.swift */; };
		62F1E90A617D1E7A791D0047 /* GuestSessionStore.swift in Sources */ = {isa = PBXBuildFile; fileRef = 8570BEFEF7F7D0BD044AD165 /* GuestSessionStore.swift */; };
		63065864DFC5D89FC0D1D213 /* ShareImportService.swift in Sources */ = {isa = PBXBuildFile; fileRef = 70EE399A9A7873C8F5DB571D /* ShareImportService.swift */; };
		63EA34C1ED8EDDF9B40AF01A /* WebAPIClient.swift in Sources */ = {isa = PBXBuildFile; fileRef = B7862EAE231B0CEACC698DEE /* WebAPIClient.swift */; };
		6458FF5E9E1C161047E6B01B /* ShareInputExtractor.swift in Sources */ = {isa = PBXBuildFile; fileRef = 38BEEB013EF502F075618F9C /* ShareInputExtractor.swift */; };
		6497ECA5567F0DFA0045EE83 /* Quiz2View.swift in Sources */ = {isa = PBXBuildFile; fileRef = 033789F2BE0415694FD6FDD7 /* Quiz2View.swift */; };
		64B79F3BDD97BC6113898D10 /* AppConfig.swift in Sources */ = {isa = PBXBuildFile; fileRef = 613544935B00012992714B3E /* AppConfig.swift */; };
		67D2CAD8454BA2D4511708D3 /* Assets.xcassets in Resources */ = {isa = PBXBuildFile; fileRef = DC2FD3D41DC83423B155E4DC /* Assets.xcassets */; };
		684C84310A96A22D34437046 /* FavoritesView.swift in Sources */ = {isa = PBXBuildFile; fileRef = 1BA600D8106B9DE11429FE05 /* FavoritesView.swift */; };
		6D04CDC167156DF03B926FCB /* SupabaseMapperTests.swift in Sources */ = {isa = PBXBuildFile; fileRef = D8FE90AE2328A61EE4BAEBEA /* SupabaseMapperTests.swift */; };
		6D94DB218DF03851DCC0E86F /* AuthServiceProtocol.swift in Sources */ = {isa = PBXBuildFile; fileRef = 814A7CF70D4F3E1DC2EB6770 /* AuthServiceProtocol.swift */; };
		6F59A518C26A797E08B391FC /* Supabase in Frameworks */ = {isa = PBXBuildFile; productRef = 5EE1AEEA14C8A38C67545674 /* Supabase */; };
		70C70476DB7385FCA834017D /* ShareImportRootView.swift in Sources */ = {isa = PBXBuildFile; fileRef = 979404E37986CA4245C3D65D /* ShareImportRootView.swift */; };
		73569991A9D9A26EE534E228 /* ShareViewController.swift in Sources */ = {isa = PBXBuildFile; fileRef = 9C934020083DE64117685AC1 /* ShareViewController.swift */; };
		75FCBB75BC079EB9D04CC733 /* AnyEncodable.swift in Sources */ = {isa = PBXBuildFile; fileRef = DBE81CD4C71A909C3EA547BB /* AnyEncodable.swift */; };
		77AC2478F64DE946E83356E3 /* ShareImportBridgeTests.swift in Sources */ = {isa = PBXBuildFile; fileRef = FEC3CF40D3CBAF1BCBB4FE7B /* ShareImportBridgeTests.swift */; };
		77BDD39B137C1B1CFD276E75 /* SettingsView.swift in Sources */ = {isa = PBXBuildFile; fileRef = A69B31214CA9933F460FF4B7 /* SettingsView.swift */; };
		7CC52CC8E5530FF41FCAD4B4 /* RepositoryRouter.swift in Sources */ = {isa = PBXBuildFile; fileRef = 01625E057EA3FDA1F4B71A30 /* RepositoryRouter.swift */; };
		828DE6B743BDB937942A8B4B /* ScanCoordinatorViewModel.swift in Sources */ = {isa = PBXBuildFile; fileRef = 099A240702660CEA14504514 /* ScanCoordinatorViewModel.swift */; };
		82E3842364E5C2F8F66D7F2B /* AuthService.swift in Sources */ = {isa = PBXBuildFile; fileRef = 53062913A0AF81DD487C373B /* AuthService.swift */; };
		83016F6FAA440810A08E27EA /* ScanConfirmWordRow.swift in Sources */ = {isa = PBXBuildFile; fileRef = D263512898639572A6E2CAA9 /* ScanConfirmWordRow.swift */; };
		83397F79801E665A640FB3D6 /* ShareImportViewModel.swift in Sources */ = {isa = PBXBuildFile; fileRef = 2E2D0D4C99D6ECE8097535C4 /* ShareImportViewModel.swift */; };
		849A404F11C2EFCE5022A00A /* ShareImportBridge.swift in Sources */ = {isa = PBXBuildFile; fileRef = AD1DB811009B96029891DEF0 /* ShareImportBridge.swift */; };
		898403DEC44950ED0109953C /* ScanModeOverlay.swift in Sources */ = {isa = PBXBuildFile; fileRef = A65BEDBFBA6EC1F4F93D8872 /* ScanModeOverlay.swift */; };
		8F170F737F56C68101EACA04 /* BookshelfListViewModel.swift in Sources */ = {isa = PBXBuildFile; fileRef = 7EF6E2C0C22EC4D158FFC101 /* BookshelfListViewModel.swift */; };
		919064F5426502F3316FFA98 /* StatsView.swift in Sources */ = {isa = PBXBuildFile; fileRef = AA1122B2BE665D409786757D /* StatsView.swift */; };
		93FE5BE3095CF5B910FA2A94 /* CachedCloudRecords.swift in Sources */ = {isa = PBXBuildFile; fileRef = B94F80A1C9518E66BB398B42 /* CachedCloudRecords.swift */; };
		968E57F7E9F2E41C175296C7 /* WordRepositoryProtocol.swift in Sources */ = {isa = PBXBuildFile; fileRef = 677116D076DAC6DBA21BD9F6 /* WordRepositoryProtocol.swift */; };
		96C542270D842D2F09B4E980 /* SentenceQuizQuestionView.swift in Sources */ = {isa = PBXBuildFile; fileRef = C9414B6AA1ACC54165036B75 /* SentenceQuizQuestionView.swift */; };
		9B5FA3CD40D667AB7685083B /* ScanCoordinatorView.swift in Sources */ = {isa = PBXBuildFile; fileRef = 166FFF08F3BA9F490CBB5116 /* ScanCoordinatorView.swift */; };
		A0228D436E9BCD28D86DD8C8 /* RepositoryRouterTests.swift in Sources */ = {isa = PBXBuildFile; fileRef = 0BEF9420BED0725D89485E72 /* RepositoryRouterTests.swift */; };
		AE7EE2C756414015794DAEBA /* FlashcardView.swift in Sources */ = {isa = PBXBuildFile; fileRef = 22C74EC37EB58B4BAB670254 /* FlashcardView.swift */; };
		B37B22C5DAFC5A44AA0D13BD /* AppStoreSubscriptionService.swift in Sources */ = {isa = PBXBuildFile; fileRef = CC9C0DEAE51AE5BC9B58F359 /* AppStoreSubscriptionService.swift */; };
		B7E529B7FF94D761C9A5905E /* ImagePreviewView.swift in Sources */ = {isa = PBXBuildFile; fileRef = 605CB38C73485BE8EED7F11B /* ImagePreviewView.swift */; };
		BA024A6E34EB8AE537B3E75F /* SearchView.swift in Sources */ = {isa = PBXBuildFile; fileRef = 1B2FA794B47954819759A483 /* SearchView.swift */; };
		BA3936137E7FD0CF0CAFF440 /* BackgroundUploadService.swift in Sources */ = {isa = PBXBuildFile; fileRef = 428AEFEFC26B769BAD8753D1 /* BackgroundUploadService.swift */; };
		BAE610992EF94B082753128F /* FlashcardCardView.swift in Sources */ = {isa = PBXBuildFile; fileRef = 02365F3E7227E8E11F1404DF /* FlashcardCardView.swift */; };
		BC48D87E377015022E8017C1 /* ExtractDTO.swift in Sources */ = {isa = PBXBuildFile; fileRef = 02C83CC93420B69AA48F302C /* ExtractDTO.swift */; };
		BF6F3118F98C4640F4890713 /* NotionCheckboxProgress.swift in Sources */ = {isa = PBXBuildFile; fileRef = F91B211F2413380DEE2D8E6D /* NotionCheckboxProgress.swift */; };
		BFCB641E138706AB84EA25A4 /* ShareImportBridge.swift in Sources */ = {isa = PBXBuildFile; fileRef = AD1DB811009B96029891DEF0 /* ShareImportBridge.swift */; };
		C0AD97163A32A356886C0F98 /* CloudOfflineCacheStore.swift in Sources */ = {isa = PBXBuildFile; fileRef = 3BD40EE690454C7D5568060C /* CloudOfflineCacheStore.swift */; };
		C0D1BFD2525AC06C12E00B9B /* BookshelfDetailView.swift in Sources */ = {isa = PBXBuildFile; fileRef = F9A3D8C1167D9934DAE1F9D8 /* BookshelfDetailView.swift */; };
		C2CC9E2D77F1F0DE9240BC85 /* ProjectDetailView.swift in Sources */ = {isa = PBXBuildFile; fileRef = 02599D8FDB49435A2D3070BE /* ProjectDetailView.swift */; };
		C43D4C56E52E03822790EEC1 /* ScanProcessingView.swift in Sources */ = {isa = PBXBuildFile; fileRef = E7ED26D3452459533CE74952 /* ScanProcessingView.swift */; };
		C7492B8FCE18E49256133BED /* BookshelfDetailViewModel.swift in Sources */ = {isa = PBXBuildFile; fileRef = 8A612CAF5636804AF2A4BBD7 /* BookshelfDetailViewModel.swift */; };
		C7CA85C04850AAE4235D41D8 /* FavoritesViewModel.swift in Sources */ = {isa = PBXBuildFile; fileRef = 7856180ECB9636E96DD8EF82 /* FavoritesViewModel.swift */; };
		C9EB59E96ABEA0509477093E /* TinderSortView.swift in Sources */ = {isa = PBXBuildFile; fileRef = 3BF4860BBADC1433E92E83DA /* TinderSortView.swift */; };
		CF004965918E13212A60CBEE /* ScanModeSheet.swift in Sources */ = {isa = PBXBuildFile; fileRef = 1AF8D7611BD342C5EA408E24 /* ScanModeSheet.swift */; };
		D19A2892F506FD1D2E3ED45A /* SupabaseDTO.swift in Sources */ = {isa = PBXBuildFile; fileRef = B7C0DC218030F292F7112841 /* SupabaseDTO.swift */; };
		D59BDF4D6ACB1F376EEFE0AE /* QuizView.swift in Sources */ = {isa = PBXBuildFile; fileRef = 99EE467D962530D980D8B556 /* QuizView.swift */; };
		D963FD784830B6369DC2D54C /* ProjectDetailViewModel.swift in Sources */ = {isa = PBXBuildFile; fileRef = 33F439DA7C119036CF02695B /* ProjectDetailViewModel.swift */; };
		DAC2161A6BD169C5E28EEB8F /* MatchGameViewModel.swift in Sources */ = {isa = PBXBuildFile; fileRef = EA3C3FF0CF278152F28D8277 /* MatchGameViewModel.swift */; };
		DBD1528243E864424B4F512D /* ShareImportRootView.swift in Sources */ = {isa = PBXBuildFile; fileRef = 979404E37986CA4245C3D65D /* ShareImportRootView.swift */; };
		DCD1AEAC2A68A214B183F1A4 /* TinderSortViewModel.swift in Sources */ = {isa = PBXBuildFile; fileRef = 162C122575A0D9E100363A55 /* TinderSortViewModel.swift */; };
		DF519259E3E588F1C227D7F1 /* QuizEngine.swift in Sources */ = {isa = PBXBuildFile; fileRef = EF6F0F2F127AFD39A98C076D /* QuizEngine.swift */; };
		DF5C281FC16649431FC0AD17 /* LocalWordRepository.swift in Sources */ = {isa = PBXBuildFile; fileRef = 7D5B5CDD6320AE25693335B1 /* LocalWordRepository.swift */; };
		E2CEB7BD87A413D98979F166 /* Formatters.swift in Sources */ = {isa = PBXBuildFile; fileRef = BFDC4E2FCAA2BD217230AEFF /* Formatters.swift */; };
		E3F9E813DCAEEEC9A0CE1C7E /* Quiz2ViewModel.swift in Sources */ = {isa = PBXBuildFile; fileRef = C8DC682800769B5A8FF24B36 /* Quiz2ViewModel.swift */; };
		E4AF1D1F6AFDE50AF7005414 /* ProjectSetupView.swift in Sources */ = {isa = PBXBuildFile; fileRef = 73D1B91F4FA0D910AD463493 /* ProjectSetupView.swift */; };
		E87EE2A03CF3DA72D7C423E6 /* ScanNotificationService.swift in Sources */ = {isa = PBXBuildFile; fileRef = EC5806C97C31A6FD766783DC /* ScanNotificationService.swift */; };
		E993AFEE98A12595F31D0061 /* SignUpOTPView.swift in Sources */ = {isa = PBXBuildFile; fileRef = 93228EBC5FF2EE899CF0256B /* SignUpOTPView.swift */; };
		EAF60A35EAA71B9346277668 /* MerkenIOSApp.swift in Sources */ = {isa = PBXBuildFile; fileRef = CE1079907B021C4B320F0329 /* MerkenIOSApp.swift */; };
		EBFB18F68270D0FE7BFB7D66 /* QuizEngineTests.swift in Sources */ = {isa = PBXBuildFile; fileRef = 71D62B44A7683D7C1BF043E6 /* QuizEngineTests.swift */; };
		ECC1398A4F0F3C21CE49983F /* ShareInputExtractor.swift in Sources */ = {isa = PBXBuildFile; fileRef = 38BEEB013EF502F075618F9C /* ShareInputExtractor.swift */; };
		ECE4917A7873E48EF4F1FFB3 /* SupabaseRESTClient.swift in Sources */ = {isa = PBXBuildFile; fileRef = B0F0B2A43384E462C70CF7EB /* SupabaseRESTClient.swift */; };
		ED496F4B5806EBAB417FE012 /* BookshelfListView.swift in Sources */ = {isa = PBXBuildFile; fileRef = 429D7A8177E541BD37304F91 /* BookshelfListView.swift */; };
		F19893A3158F463E36D4D28E /* WordDetailView.swift in Sources */ = {isa = PBXBuildFile; fileRef = C0429CD8188A124D2D26A714 /* WordDetailView.swift */; };
		F23A9AA9BC3CDF6120F3E8C5 /* AppState.swift in Sources */ = {isa = PBXBuildFile; fileRef = 67DB59E13D16B4142BD57BF1 /* AppState.swift */; };
		F2A1C211837FAF67455C621B /* PrivacyView.swift in Sources */ = {isa = PBXBuildFile; fileRef = 171DBA47461A259B973649AD /* PrivacyView.swift */; };
		F820BACC62EB5186ED27A0A5 /* HomeView.swift in Sources */ = {isa = PBXBuildFile; fileRef = A2BBF6E46BC57B5A010E2F19 /* HomeView.swift */; };
		F96ED375D906769E14B6B629 /* ProjectShareSheet.swift in Sources */ = {isa = PBXBuildFile; fileRef = F45FCBAC3F7F257F801FF843 /* ProjectShareSheet.swift */; };
		F9FB74015B660AF932B5FDA1 /* TermsView.swift in Sources */ = {isa = PBXBuildFile; fileRef = 3742A3340B7F4C9ABA41E36D /* TermsView.swift */; };
		FADAC4BA4D90C32BB9A15626 /* OfflineFirstCloudRepository.swift in Sources */ = {isa = PBXBuildFile; fileRef = 3D5B86E0B6348C796025C4EB /* OfflineFirstCloudRepository.swift */; };
		FB15597E795E4FA273F4E323 /* MerkenSpring.swift in Sources */ = {isa = PBXBuildFile; fileRef = 4638E459922FDA9ACBD2AACF /* MerkenSpring.swift */; };
		FD3341F4553CAE7D864F16E4 /* MatchGameView.swift in Sources */ = {isa = PBXBuildFile; fileRef = B033DE8DF940A5FC6170CDD4 /* MatchGameView.swift */; };
		FD9AA3E8CC172F0D81DA11E0 /* MerkenShareExtension.appex in Embed Foundation Extensions */ = {isa = PBXBuildFile; fileRef = 4C3E0EA0C2395823DEBECE4B /* MerkenShareExtension.appex */; settings = {ATTRIBUTES = (RemoveHeadersOnCopy, ); }; };
		FE62BD0D5811B38B7399C1C1 /* ShareImportViewModel.swift in Sources */ = {isa = PBXBuildFile; fileRef = 2E2D0D4C99D6ECE8097535C4 /* ShareImportViewModel.swift */; };
/* End PBXBuildFile section */

/* Begin PBXContainerItemProxy section */
		1A3014A53B5F2530D829C5AD /* PBXContainerItemProxy */ = {
			isa = PBXContainerItemProxy;
			containerPortal = 82A383371FEB244CC48E233C /* Project object */;
			proxyType = 1;
			remoteGlobalIDString = 8E708409D75766582FD15D6D;
			remoteInfo = MerkenShareExtension;
		};
		2B7B31F08134B5F48D047C4C /* PBXContainerItemProxy */ = {
			isa = PBXContainerItemProxy;
			containerPortal = 82A383371FEB244CC48E233C /* Project object */;
			proxyType = 1;
			remoteGlobalIDString = 9166A7FCDA9AB29A4ED13263;
			remoteInfo = MerkenIOS;
		};
		C09606E533ECFC15692ED31E /* PBXContainerItemProxy */ = {
			isa = PBXContainerItemProxy;
			containerPortal = 82A383371FEB244CC48E233C /* Project object */;
			proxyType = 1;
			remoteGlobalIDString = 9166A7FCDA9AB29A4ED13263;
			remoteInfo = MerkenIOS;
		};
		DF5885B9ED5D5E9915A33267 /* PBXContainerItemProxy */ = {
			isa = PBXContainerItemProxy;
			containerPortal = 82A383371FEB244CC48E233C /* Project object */;
			proxyType = 1;
			remoteGlobalIDString = DECF2E004A01913E12D34386;
			remoteInfo = MerkenActionExtension;
		};
/* End PBXContainerItemProxy section */

/* Begin PBXCopyFilesBuildPhase section */
		D9110EC00E14974D8EC18B3C /* Embed Foundation Extensions */ = {
			isa = PBXCopyFilesBuildPhase;
			buildActionMask = 2147483647;
			dstPath = "";
			dstSubfolderSpec = 13;
			files = (
				FD9AA3E8CC172F0D81DA11E0 /* MerkenShareExtension.appex in Embed Foundation Extensions */,
				0B1E4010C17A1C4F548F6552 /* MerkenActionExtension.appex in Embed Foundation Extensions */,
			);
			name = "Embed Foundation Extensions";
			runOnlyForDeploymentPostprocessing = 0;
		};
/* End PBXCopyFilesBuildPhase section */

/* Begin PBXFileReference section */
		0159492A9773A48A8C36E3DA /* HomeViewModelTests.swift */ = {isa = PBXFileReference; lastKnownFileType = sourcecode.swift; path = HomeViewModelTests.swift; sourceTree = "<group>"; };
		01625E057EA3FDA1F4B71A30 /* RepositoryRouter.swift */ = {isa = PBXFileReference; lastKnownFileType = sourcecode.swift; path = RepositoryRouter.swift; sourceTree = "<group>"; };
		02365F3E7227E8E11F1404DF /* FlashcardCardView.swift */ = {isa = PBXFileReference; lastKnownFileType = sourcecode.swift; path = FlashcardCardView.swift; sourceTree = "<group>"; };
		02599D8FDB49435A2D3070BE /* ProjectDetailView.swift */ = {isa = PBXFileReference; lastKnownFileType = sourcecode.swift; path = ProjectDetailView.swift; sourceTree = "<group>"; };
		027A78EC4CA2414E8C82E485 /* MerkenIOSUITests.xctest */ = {isa = PBXFileReference; includeInIndex = 0; lastKnownFileType = wrapper.cfbundle; path = MerkenIOSUITests.xctest; sourceTree = BUILT_PRODUCTS_DIR; };
		02C83CC93420B69AA48F302C /* ExtractDTO.swift */ = {isa = PBXFileReference; lastKnownFileType = sourcecode.swift; path = ExtractDTO.swift; sourceTree = "<group>"; };
		033789F2BE0415694FD6FDD7 /* Quiz2View.swift */ = {isa = PBXFileReference; lastKnownFileType = sourcecode.swift; path = Quiz2View.swift; sourceTree = "<group>"; };
		07C64E186F3ECA04DFF2430A /* MerkenIOS.app */ = {isa = PBXFileReference; includeInIndex = 0; lastKnownFileType = wrapper.application; path = MerkenIOS.app; sourceTree = BUILT_PRODUCTS_DIR; };
		099A240702660CEA14504514 /* ScanCoordinatorViewModel.swift */ = {isa = PBXFileReference; lastKnownFileType = sourcecode.swift; path = ScanCoordinatorViewModel.swift; sourceTree = "<group>"; };
		0BEF9420BED0725D89485E72 /* RepositoryRouterTests.swift */ = {isa = PBXFileReference; lastKnownFileType = sourcecode.swift; path = RepositoryRouterTests.swift; sourceTree = "<group>"; };
		0DDDA02EEF08933E0DE34910 /* LoginGateView.swift */ = {isa = PBXFileReference; lastKnownFileType = sourcecode.swift; path = LoginGateView.swift; sourceTree = "<group>"; };
		0FF9C5352AB1173D35DBB46B /* ScanConfirmView.swift */ = {isa = PBXFileReference; lastKnownFileType = sourcecode.swift; path = ScanConfirmView.swift; sourceTree = "<group>"; };
		11D9166060F6627FC5271207 /* Theme.swift */ = {isa = PBXFileReference; lastKnownFileType = sourcecode.swift; path = Theme.swift; sourceTree = "<group>"; };
		162C122575A0D9E100363A55 /* TinderSortViewModel.swift */ = {isa = PBXFileReference; lastKnownFileType = sourcecode.swift; path = TinderSortViewModel.swift; sourceTree = "<group>"; };
		166FFF08F3BA9F490CBB5116 /* ScanCoordinatorView.swift */ = {isa = PBXFileReference; lastKnownFileType = sourcecode.swift; path = ScanCoordinatorView.swift; sourceTree = "<group>"; };
		171DBA47461A259B973649AD /* PrivacyView.swift */ = {isa = PBXFileReference; lastKnownFileType = sourcecode.swift; path = PrivacyView.swift; sourceTree = "<group>"; };
		1AF8D7611BD342C5EA408E24 /* ScanModeSheet.swift */ = {isa = PBXFileReference; lastKnownFileType = sourcecode.swift; path = ScanModeSheet.swift; sourceTree = "<group>"; };
		1B2FA794B47954819759A483 /* SearchView.swift */ = {isa = PBXFileReference; lastKnownFileType = sourcecode.swift; path = SearchView.swift; sourceTree = "<group>"; };
		1BA600D8106B9DE11429FE05 /* FavoritesView.swift */ = {isa = PBXFileReference; lastKnownFileType = sourcecode.swift; path = FavoritesView.swift; sourceTree = "<group>"; };
		1D14F2A209459F83F00FC77C /* WordListViewModel.swift */ = {isa = PBXFileReference; lastKnownFileType = sourcecode.swift; path = WordListViewModel.swift; sourceTree = "<group>"; };
		1EFE8C168B7F3CED6C68ABC1 /* ImageCompressor.swift */ = {isa = PBXFileReference; lastKnownFileType = sourcecode.swift; path = ImageCompressor.swift; sourceTree = "<group>"; };
		22C74EC37EB58B4BAB670254 /* FlashcardView.swift */ = {isa = PBXFileReference; lastKnownFileType = sourcecode.swift; path = FlashcardView.swift; sourceTree = "<group>"; };
		2345581B29EC062ACC99457B /* ProjectListView.swift */ = {isa = PBXFileReference; lastKnownFileType = sourcecode.swift; path = ProjectListView.swift; sourceTree = "<group>"; };
		2A5D52FEC41B3B9AFB9AD0BB /* WordEditorSheet.swift */ = {isa = PBXFileReference; lastKnownFileType = sourcecode.swift; path = WordEditorSheet.swift; sourceTree = "<group>"; };
		2E2D0D4C99D6ECE8097535C4 /* ShareImportViewModel.swift */ = {isa = PBXFileReference; lastKnownFileType = sourcecode.swift; path = ShareImportViewModel.swift; sourceTree = "<group>"; };
		3030DAACE90D702433A311CF /* SearchViewModel.swift */ = {isa = PBXFileReference; lastKnownFileType = sourcecode.swift; path = SearchViewModel.swift; sourceTree = "<group>"; };
		30935187DFB30E1359223B86 /* SentenceQuizDTO.swift */ = {isa = PBXFileReference; lastKnownFileType = sourcecode.swift; path = SentenceQuizDTO.swift; sourceTree = "<group>"; };
		33F439DA7C119036CF02695B /* ProjectDetailViewModel.swift */ = {isa = PBXFileReference; lastKnownFileType = sourcecode.swift; path = ProjectDetailViewModel.swift; sourceTree = "<group>"; };
		36643506EBB30535BE85B2BC /* MerkenIOSUITests.swift */ = {isa = PBXFileReference; lastKnownFileType = sourcecode.swift; path = MerkenIOSUITests.swift; sourceTree = "<group>"; };
		3742A3340B7F4C9ABA41E36D /* TermsView.swift */ = {isa = PBXFileReference; lastKnownFileType = sourcecode.swift; path = TermsView.swift; sourceTree = "<group>"; };
		38BEEB013EF502F075618F9C /* ShareInputExtractor.swift */ = {isa = PBXFileReference; lastKnownFileType = sourcecode.swift; path = ShareInputExtractor.swift; sourceTree = "<group>"; };
		3AA3A85E385350CCF73A4EBE /* FlashcardViewModel.swift */ = {isa = PBXFileReference; lastKnownFileType = sourcecode.swift; path = FlashcardViewModel.swift; sourceTree = "<group>"; };
		3BD40EE690454C7D5568060C /* CloudOfflineCacheStore.swift */ = {isa = PBXFileReference; lastKnownFileType = sourcecode.swift; path = CloudOfflineCacheStore.swift; sourceTree = "<group>"; };
		3BF4860BBADC1433E92E83DA /* TinderSortView.swift */ = {isa = PBXFileReference; lastKnownFileType = sourcecode.swift; path = TinderSortView.swift; sourceTree = "<group>"; };
		3D5B86E0B6348C796025C4EB /* OfflineFirstCloudRepository.swift */ = {isa = PBXFileReference; lastKnownFileType = sourcecode.swift; path = OfflineFirstCloudRepository.swift; sourceTree = "<group>"; };
		410B28B95A71D3017B943659 /* QuizStatsStore.swift */ = {isa = PBXFileReference; lastKnownFileType = sourcecode.swift; path = QuizStatsStore.swift; sourceTree = "<group>"; };
		414D40FE25A20B7FFEE459B4 /* AddToBookshelfSheet.swift */ = {isa = PBXFileReference; lastKnownFileType = sourcecode.swift; path = AddToBookshelfSheet.swift; sourceTree = "<group>"; };
		41BF5284FA3263B19D304B15 /* WordListView.swift */ = {isa = PBXFileReference; lastKnownFileType = sourcecode.swift; path = WordListView.swift; sourceTree = "<group>"; };
		428AEFEFC26B769BAD8753D1 /* BackgroundUploadService.swift */ = {isa = PBXFileReference; lastKnownFileType = sourcecode.swift; path = BackgroundUploadService.swift; sourceTree = "<group>"; };
		429D7A8177E541BD37304F91 /* BookshelfListView.swift */ = {isa = PBXFileReference; lastKnownFileType = sourcecode.swift; path = BookshelfListView.swift; sourceTree = "<group>"; };
		42B964C51CAEF1A9D4EDD742 /* SafariView.swift */ = {isa = PBXFileReference; lastKnownFileType = sourcecode.swift; path = SafariView.swift; sourceTree = "<group>"; };
		440AC8F91EC5AD1F2EB83289 /* OnboardingView.swift */ = {isa = PBXFileReference; lastKnownFileType = sourcecode.swift; path = OnboardingView.swift; sourceTree = "<group>"; };
		4638E459922FDA9ACBD2AACF /* MerkenSpring.swift */ = {isa = PBXFileReference; lastKnownFileType = sourcecode.swift; path = MerkenSpring.swift; sourceTree = "<group>"; };
		4C3E0EA0C2395823DEBECE4B /* MerkenShareExtension.appex */ = {isa = PBXFileReference; includeInIndex = 0; lastKnownFileType = "wrapper.app-extension"; path = MerkenShareExtension.appex; sourceTree = BUILT_PRODUCTS_DIR; };
		528A9430116E2D659E74D431 /* QuizViewModel.swift */ = {isa = PBXFileReference; lastKnownFileType = sourcecode.swift; path = QuizViewModel.swift; sourceTree = "<group>"; };
		53062913A0AF81DD487C373B /* AuthService.swift */ = {isa = PBXFileReference; lastKnownFileType = sourcecode.swift; path = AuthService.swift; sourceTree = "<group>"; };
		5C2F9AC06DD904DFA1E928C7 /* GlassSurface.swift */ = {isa = PBXFileReference; lastKnownFileType = sourcecode.swift; path = GlassSurface.swift; sourceTree = "<group>"; };
		5C4B1F5C32E6E783B32304EE /* HomeViewModel.swift */ = {isa = PBXFileReference; lastKnownFileType = sourcecode.swift; path = HomeViewModel.swift; sourceTree = "<group>"; };
		605CB38C73485BE8EED7F11B /* ImagePreviewView.swift */ = {isa = PBXFileReference; lastKnownFileType = sourcecode.swift; path = ImagePreviewView.swift; sourceTree = "<group>"; };
		613544935B00012992714B3E /* AppConfig.swift */ = {isa = PBXFileReference; lastKnownFileType = sourcecode.swift; path = AppConfig.swift; sourceTree = "<group>"; };
		677116D076DAC6DBA21BD9F6 /* WordRepositoryProtocol.swift */ = {isa = PBXFileReference; lastKnownFileType = sourcecode.swift; path = WordRepositoryProtocol.swift; sourceTree = "<group>"; };
		6782D6FD36E9E4121885F51A /* MerkenIOSDebug.entitlements */ = {isa = PBXFileReference; lastKnownFileType = text.plist.entitlements; path = MerkenIOSDebug.entitlements; sourceTree = "<group>"; };
		67DB59E13D16B4142BD57BF1 /* AppState.swift */ = {isa = PBXFileReference; lastKnownFileType = sourcecode.swift; path = AppState.swift; sourceTree = "<group>"; };
		6A9BB58AB448AAFBF7162B47 /* TimeAttackView.swift */ = {isa = PBXFileReference; lastKnownFileType = sourcecode.swift; path = TimeAttackView.swift; sourceTree = "<group>"; };
		6C33FD957BB7467556D64C22 /* SignUpView.swift */ = {isa = PBXFileReference; lastKnownFileType = sourcecode.swift; path = SignUpView.swift; sourceTree = "<group>"; };
		6EDEF00FC28A0DC82D690530 /* DateCoding.swift */ = {isa = PBXFileReference; lastKnownFileType = sourcecode.swift; path = DateCoding.swift; sourceTree = "<group>"; };
		70EE399A9A7873C8F5DB571D /* ShareImportService.swift */ = {isa = PBXFileReference; lastKnownFileType = sourcecode.swift; path = ShareImportService.swift; sourceTree = "<group>"; };
		71D62B44A7683D7C1BF043E6 /* QuizEngineTests.swift */ = {isa = PBXFileReference; lastKnownFileType = sourcecode.swift; path = QuizEngineTests.swift; sourceTree = "<group>"; };
		73D1B91F4FA0D910AD463493 /* ProjectSetupView.swift */ = {isa = PBXFileReference; lastKnownFileType = sourcecode.swift; path = ProjectSetupView.swift; sourceTree = "<group>"; };
		7487B0340A020CEE4833B4EA /* ProjectListViewModel.swift */ = {isa = PBXFileReference; lastKnownFileType = sourcecode.swift; path = ProjectListViewModel.swift; sourceTree = "<group>"; };
		7856180ECB9636E96DD8EF82 /* FavoritesViewModel.swift */ = {isa = PBXFileReference; lastKnownFileType = sourcecode.swift; path = FavoritesViewModel.swift; sourceTree = "<group>"; };
		79A16D6FAF8B57FA71EDC20D /* MerkenActionExtension.appex */ = {isa = PBXFileReference; includeInIndex = 0; lastKnownFileType = "wrapper.app-extension"; path = MerkenActionExtension.appex; sourceTree = BUILT_PRODUCTS_DIR; };
		7D1535FD33287E38DC613A8B /* CreateBookshelfSheet.swift */ = {isa = PBXFileReference; lastKnownFileType = sourcecode.swift; path = CreateBookshelfSheet.swift; sourceTree = "<group>"; };
		7D4BA80D45694303CC33CB7A /* TransparentNavBar.swift */ = {isa = PBXFileReference; lastKnownFileType = sourcecode.swift; path = TransparentNavBar.swift; sourceTree = "<group>"; };
		7D5B5CDD6320AE25693335B1 /* LocalWordRepository.swift */ = {isa = PBXFileReference; lastKnownFileType = sourcecode.swift; path = LocalWordRepository.swift; sourceTree = "<group>"; };
		7EF6E2C0C22EC4D158FFC101 /* BookshelfListViewModel.swift */ = {isa = PBXFileReference; lastKnownFileType = sourcecode.swift; path = BookshelfListViewModel.swift; sourceTree = "<group>"; };
		814A7CF70D4F3E1DC2EB6770 /* AuthServiceProtocol.swift */ = {isa = PBXFileReference; lastKnownFileType = sourcecode.swift; path = AuthServiceProtocol.swift; sourceTree = "<group>"; };
		8570BEFEF7F7D0BD044AD165 /* GuestSessionStore.swift */ = {isa = PBXFileReference; lastKnownFileType = sourcecode.swift; path = GuestSessionStore.swift; sourceTree = "<group>"; };
		86CE00924834B6DF8BF26FEC /* MerkenIOS.entitlements */ = {isa = PBXFileReference; lastKnownFileType = text.plist.entitlements; path = MerkenIOS.entitlements; sourceTree = "<group>"; };
		8A612CAF5636804AF2A4BBD7 /* BookshelfDetailViewModel.swift */ = {isa = PBXFileReference; lastKnownFileType = sourcecode.swift; path = BookshelfDetailViewModel.swift; sourceTree = "<group>"; };
		92AC65485A0C62F0F0F218C8 /* SentenceQuizProgressStore.swift */ = {isa = PBXFileReference; lastKnownFileType = sourcecode.swift; path = SentenceQuizProgressStore.swift; sourceTree = "<group>"; };
		93228EBC5FF2EE899CF0256B /* SignUpOTPView.swift */ = {isa = PBXFileReference; lastKnownFileType = sourcecode.swift; path = SignUpOTPView.swift; sourceTree = "<group>"; };
		979404E37986CA4245C3D65D /* ShareImportRootView.swift */ = {isa = PBXFileReference; lastKnownFileType = sourcecode.swift; path = ShareImportRootView.swift; sourceTree = "<group>"; };
		99EE467D962530D980D8B556 /* QuizView.swift */ = {isa = PBXFileReference; lastKnownFileType = sourcecode.swift; path = QuizView.swift; sourceTree = "<group>"; };
		9A7188A93B5588F5A8186B76 /* MerkenHaptic.swift */ = {isa = PBXFileReference; lastKnownFileType = sourcecode.swift; path = MerkenHaptic.swift; sourceTree = "<group>"; };
		9C934020083DE64117685AC1 /* ShareViewController.swift */ = {isa = PBXFileReference; lastKnownFileType = sourcecode.swift; path = ShareViewController.swift; sourceTree = "<group>"; };
		9D8414867286CF9EEF225162 /* BookshelfTabView.swift */ = {isa = PBXFileReference; lastKnownFileType = sourcecode.swift; path = BookshelfTabView.swift; sourceTree = "<group>"; };
		9DBD7D4AEA23D2B2E005E0C8 /* AppConfigTests.swift */ = {isa = PBXFileReference; lastKnownFileType = sourcecode.swift; path = AppConfigTests.swift; sourceTree = "<group>"; };
		9F0B56826D87C20057FE4A4E /* DomainModels.swift */ = {isa = PBXFileReference; lastKnownFileType = sourcecode.swift; path = DomainModels.swift; sourceTree = "<group>"; };
		A2038D0498D4FAB075E482B1 /* Info.plist */ = {isa = PBXFileReference; lastKnownFileType = text.plist; path = Info.plist; sourceTree = "<group>"; };
		A2BBF6E46BC57B5A010E2F19 /* HomeView.swift */ = {isa = PBXFileReference; lastKnownFileType = sourcecode.swift; path = HomeView.swift; sourceTree = "<group>"; };
		A65BEDBFBA6EC1F4F93D8872 /* ScanModeOverlay.swift */ = {isa = PBXFileReference; lastKnownFileType = sourcecode.swift; path = ScanModeOverlay.swift; sourceTree = "<group>"; };
		A66AD89C96ED3EA46B7F82A7 /* AppBackground.swift */ = {isa = PBXFileReference; lastKnownFileType = sourcecode.swift; path = AppBackground.swift; sourceTree = "<group>"; };
		A69B31214CA9933F460FF4B7 /* SettingsView.swift */ = {isa = PBXFileReference; lastKnownFileType = sourcecode.swift; path = SettingsView.swift; sourceTree = "<group>"; };
		AA1122B2BE665D409786757D /* StatsView.swift */ = {isa = PBXFileReference; lastKnownFileType = sourcecode.swift; path = StatsView.swift; sourceTree = "<group>"; };
		AD1DB811009B96029891DEF0 /* ShareImportBridge.swift */ = {isa = PBXFileReference; lastKnownFileType = sourcecode.swift; path = ShareImportBridge.swift; sourceTree = "<group>"; };
		B033DE8DF940A5FC6170CDD4 /* MatchGameView.swift */ = {isa = PBXFileReference; lastKnownFileType = sourcecode.swift; path = MatchGameView.swift; sourceTree = "<group>"; };
		B0F0B2A43384E462C70CF7EB /* SupabaseRESTClient.swift */ = {isa = PBXFileReference; lastKnownFileType = sourcecode.swift; path = SupabaseRESTClient.swift; sourceTree = "<group>"; };
		B5E44F74E37E59F174779E99 /* StatsViewModel.swift */ = {isa = PBXFileReference; lastKnownFileType = sourcecode.swift; path = StatsViewModel.swift; sourceTree = "<group>"; };
		B7862EAE231B0CEACC698DEE /* WebAPIClient.swift */ = {isa = PBXFileReference; lastKnownFileType = sourcecode.swift; path = WebAPIClient.swift; sourceTree = "<group>"; };
		B7C0DC218030F292F7112841 /* SupabaseDTO.swift */ = {isa = PBXFileReference; lastKnownFileType = sourcecode.swift; path = SupabaseDTO.swift; sourceTree = "<group>"; };
		B94F80A1C9518E66BB398B42 /* CachedCloudRecords.swift */ = {isa = PBXFileReference; lastKnownFileType = sourcecode.swift; path = CachedCloudRecords.swift; sourceTree = "<group>"; };
		BA64C56CCA739186C6EEECF6 /* SentenceQuizViewModel.swift */ = {isa = PBXFileReference; lastKnownFileType = sourcecode.swift; path = SentenceQuizViewModel.swift; sourceTree = "<group>"; };
		BB2F6658A73DB754E2A1A496 /* IconBadge.swift */ = {isa = PBXFileReference; lastKnownFileType = sourcecode.swift; path = IconBadge.swift; sourceTree = "<group>"; };
		BB6EB875610B326E50168275 /* CollectionRepository.swift */ = {isa = PBXFileReference; lastKnownFileType = sourcecode.swift; path = CollectionRepository.swift; sourceTree = "<group>"; };
		BFDC4E2FCAA2BD217230AEFF /* Formatters.swift */ = {isa = PBXFileReference; lastKnownFileType = sourcecode.swift; path = Formatters.swift; sourceTree = "<group>"; };
		C0429CD8188A124D2D26A714 /* WordDetailView.swift */ = {isa = PBXFileReference; lastKnownFileType = sourcecode.swift; path = WordDetailView.swift; sourceTree = "<group>"; };
		C1F1059DF22F61472C6AB548 /* ShareImportModels.swift */ = {isa = PBXFileReference; lastKnownFileType = sourcecode.swift; path = ShareImportModels.swift; sourceTree = "<group>"; };
		C2C8BA8CF643ABB5D618DDB9 /* CloudWordRepository.swift */ = {isa = PBXFileReference; lastKnownFileType = sourcecode.swift; path = CloudWordRepository.swift; sourceTree = "<group>"; };
		C8A672E33199F9405E81A439 /* SentenceQuizView.swift */ = {isa = PBXFileReference; lastKnownFileType = sourcecode.swift; path = SentenceQuizView.swift; sourceTree = "<group>"; };
		C8DC682800769B5A8FF24B36 /* Quiz2ViewModel.swift */ = {isa = PBXFileReference; lastKnownFileType = sourcecode.swift; path = Quiz2ViewModel.swift; sourceTree = "<group>"; };
		C9414B6AA1ACC54165036B75 /* SentenceQuizQuestionView.swift */ = {isa = PBXFileReference; lastKnownFileType = sourcecode.swift; path = SentenceQuizQuestionView.swift; sourceTree = "<group>"; };
		CABE41B7A4FFA5000E10A7B7 /* QuickResponseViewModel.swift */ = {isa = PBXFileReference; lastKnownFileType = sourcecode.swift; path = QuickResponseViewModel.swift; sourceTree = "<group>"; };
		CAE12646C56BDB1E53A54D5B /* RootTabView.swift */ = {isa = PBXFileReference; lastKnownFileType = sourcecode.swift; path = RootTabView.swift; sourceTree = "<group>"; };
		CB28D886D7DC412B3B67DC31 /* MerkenIOSTests.xctest */ = {isa = PBXFileReference; includeInIndex = 0; lastKnownFileType = wrapper.cfbundle; path = MerkenIOSTests.xctest; sourceTree = BUILT_PRODUCTS_DIR; };
		CC9C0DEAE51AE5BC9B58F359 /* AppStoreSubscriptionService.swift */ = {isa = PBXFileReference; lastKnownFileType = sourcecode.swift; path = AppStoreSubscriptionService.swift; sourceTree = "<group>"; };
		CE1079907B021C4B320F0329 /* MerkenIOSApp.swift */ = {isa = PBXFileReference; lastKnownFileType = sourcecode.swift; path = MerkenIOSApp.swift; sourceTree = "<group>"; };
		D145A166F9511A69D4F1E6AF /* AppDelegate.swift */ = {isa = PBXFileReference; lastKnownFileType = sourcecode.swift; path = AppDelegate.swift; sourceTree = "<group>"; };
		D263512898639572A6E2CAA9 /* ScanConfirmWordRow.swift */ = {isa = PBXFileReference; lastKnownFileType = sourcecode.swift; path = ScanConfirmWordRow.swift; sourceTree = "<group>"; };
		D4F73FA543C6DFA31FE73146 /* QuickResponseView.swift */ = {isa = PBXFileReference; lastKnownFileType = sourcecode.swift; path = QuickResponseView.swift; sourceTree = "<group>"; };
		D8FE90AE2328A61EE4BAEBEA /* SupabaseMapperTests.swift */ = {isa = PBXFileReference; lastKnownFileType = sourcecode.swift; path = SupabaseMapperTests.swift; sourceTree = "<group>"; };
		DBE81CD4C71A909C3EA547BB /* AnyEncodable.swift */ = {isa = PBXFileReference; lastKnownFileType = sourcecode.swift; path = AnyEncodable.swift; sourceTree = "<group>"; };
		DBF4BC78A93EA57FB70B45A7 /* AppContainer.swift */ = {isa = PBXFileReference; lastKnownFileType = sourcecode.swift; path = AppContainer.swift; sourceTree = "<group>"; };
		DC2FD3D41DC83423B155E4DC /* Assets.xcassets */ = {isa = PBXFileReference; lastKnownFileType = folder.assetcatalog; path = Assets.xcassets; sourceTree = "<group>"; };
		DCD784AE2C98504CF137A981 /* ContactView.swift */ = {isa = PBXFileReference; lastKnownFileType = sourcecode.swift; path = ContactView.swift; sourceTree = "<group>"; };
		E2B8A084EB8E09DB73041AEE /* MerkenShareExtension.entitlements */ = {isa = PBXFileReference; lastKnownFileType = text.plist.entitlements; path = MerkenShareExtension.entitlements; sourceTree = "<group>"; };
		E7ED26D3452459533CE74952 /* ScanProcessingView.swift */ = {isa = PBXFileReference; lastKnownFileType = sourcecode.swift; path = ScanProcessingView.swift; sourceTree = "<group>"; };
		EA3C3FF0CF278152F28D8277 /* MatchGameViewModel.swift */ = {isa = PBXFileReference; lastKnownFileType = sourcecode.swift; path = MatchGameViewModel.swift; sourceTree = "<group>"; };
		EAFC4CF87875A694D2CBAA03 /* SemanticSearchDTO.swift */ = {isa = PBXFileReference; lastKnownFileType = sourcecode.swift; path = SemanticSearchDTO.swift; sourceTree = "<group>"; };
		EC5806C97C31A6FD766783DC /* ScanNotificationService.swift */ = {isa = PBXFileReference; lastKnownFileType = sourcecode.swift; path = ScanNotificationService.swift; sourceTree = "<group>"; };
		EF1B322479B79E8D7C5B666B /* TimeAttackViewModel.swift */ = {isa = PBXFileReference; lastKnownFileType = sourcecode.swift; path = TimeAttackViewModel.swift; sourceTree = "<group>"; };
		EF6F0F2F127AFD39A98C076D /* QuizEngine.swift */ = {isa = PBXFileReference; lastKnownFileType = sourcecode.swift; path = QuizEngine.swift; sourceTree = "<group>"; };
		F45FCBAC3F7F257F801FF843 /* ProjectShareSheet.swift */ = {isa = PBXFileReference; lastKnownFileType = sourcecode.swift; path = ProjectShareSheet.swift; sourceTree = "<group>"; };
		F8D492636999D00FF08665C5 /* LocalRecords.swift */ = {isa = PBXFileReference; lastKnownFileType = sourcecode.swift; path = LocalRecords.swift; sourceTree = "<group>"; };
		F91B211F2413380DEE2D8E6D /* NotionCheckboxProgress.swift */ = {isa = PBXFileReference; lastKnownFileType = sourcecode.swift; path = NotionCheckboxProgress.swift; sourceTree = "<group>"; };
		F9615BEF3A9E8F028664EC53 /* CameraView.swift */ = {isa = PBXFileReference; lastKnownFileType = sourcecode.swift; path = CameraView.swift; sourceTree = "<group>"; };
		F9A3D8C1167D9934DAE1F9D8 /* BookshelfDetailView.swift */ = {isa = PBXFileReference; lastKnownFileType = sourcecode.swift; path = BookshelfDetailView.swift; sourceTree = "<group>"; };
		FDD4382AD7F9408A63AF30B7 /* ThemeCubeSelector.swift */ = {isa = PBXFileReference; lastKnownFileType = sourcecode.swift; path = ThemeCubeSelector.swift; sourceTree = "<group>"; };
		FEC3CF40D3CBAF1BCBB4FE7B /* ShareImportBridgeTests.swift */ = {isa = PBXFileReference; lastKnownFileType = sourcecode.swift; path = ShareImportBridgeTests.swift; sourceTree = "<group>"; };
/* End PBXFileReference section */

/* Begin PBXFrameworksBuildPhase section */
		85CF8BD58197B68A19EB50C6 /* Frameworks */ = {
			isa = PBXFrameworksBuildPhase;
			buildActionMask = 2147483647;
			files = (
				6F59A518C26A797E08B391FC /* Supabase in Frameworks */,
			);
			runOnlyForDeploymentPostprocessing = 0;
		};
/* End PBXFrameworksBuildPhase section */

/* Begin PBXGroup section */
		0AE0C9656DA51761C0AE7E5E /* Search */ = {
			isa = PBXGroup;
			children = (
				1B2FA794B47954819759A483 /* SearchView.swift */,
				3030DAACE90D702433A311CF /* SearchViewModel.swift */,
			);
			path = Search;
			sourceTree = "<group>";
		};
		0FE6BCE4912A4A07343446F2 /* Bookshelf */ = {
			isa = PBXGroup;
			children = (
				F9A3D8C1167D9934DAE1F9D8 /* BookshelfDetailView.swift */,
				8A612CAF5636804AF2A4BBD7 /* BookshelfDetailViewModel.swift */,
				429D7A8177E541BD37304F91 /* BookshelfListView.swift */,
				7EF6E2C0C22EC4D158FFC101 /* BookshelfListViewModel.swift */,
				9D8414867286CF9EEF225162 /* BookshelfTabView.swift */,
				7D1535FD33287E38DC613A8B /* CreateBookshelfSheet.swift */,
			);
			path = Bookshelf;
			sourceTree = "<group>";
		};
		205C9D44E63FCA7951BABC98 /* Repositories */ = {
			isa = PBXGroup;
			children = (
				3BD40EE690454C7D5568060C /* CloudOfflineCacheStore.swift */,
				C2C8BA8CF643ABB5D618DDB9 /* CloudWordRepository.swift */,
				BB6EB875610B326E50168275 /* CollectionRepository.swift */,
				7D5B5CDD6320AE25693335B1 /* LocalWordRepository.swift */,
				3D5B86E0B6348C796025C4EB /* OfflineFirstCloudRepository.swift */,
				01625E057EA3FDA1F4B71A30 /* RepositoryRouter.swift */,
				677116D076DAC6DBA21BD9F6 /* WordRepositoryProtocol.swift */,
			);
			path = Repositories;
			sourceTree = "<group>";
		};
		22F0749E75F9A0F874C48083 /* Quiz2 */ = {
			isa = PBXGroup;
			children = (
				033789F2BE0415694FD6FDD7 /* Quiz2View.swift */,
				C8DC682800769B5A8FF24B36 /* Quiz2ViewModel.swift */,
			);
			path = Quiz2;
			sourceTree = "<group>";
		};
		23B01F40948AD16D1754ECC8 /* Resources */ = {
			isa = PBXGroup;
			children = (
				DC2FD3D41DC83423B155E4DC /* Assets.xcassets */,
				A2038D0498D4FAB075E482B1 /* Info.plist */,
			);
			path = Resources;
			sourceTree = "<group>";
		};
		298C6EAAC7D8BF822C9F88C0 /* QuickResponse */ = {
			isa = PBXGroup;
			children = (
				D4F73FA543C6DFA31FE73146 /* QuickResponseView.swift */,
				CABE41B7A4FFA5000E10A7B7 /* QuickResponseViewModel.swift */,
			);
			path = QuickResponse;
			sourceTree = "<group>";
		};
		2C5666108B9E976A5297325C /* Stats */ = {
			isa = PBXGroup;
			children = (
				AA1122B2BE665D409786757D /* StatsView.swift */,
				B5E44F74E37E59F174779E99 /* StatsViewModel.swift */,
			);
			path = Stats;
			sourceTree = "<group>";
		};
		3DD3FA5AAE56F743F5E39B75 /* Auth */ = {
			isa = PBXGroup;
			children = (
				93228EBC5FF2EE899CF0256B /* SignUpOTPView.swift */,
				6C33FD957BB7467556D64C22 /* SignUpView.swift */,
			);
			path = Auth;
			sourceTree = "<group>";
		};
		3EA007F17F88A43CC2AD71FE /* Support */ = {
			isa = PBXGroup;
			children = (
				DCD784AE2C98504CF137A981 /* ContactView.swift */,
				171DBA47461A259B973649AD /* PrivacyView.swift */,
				3742A3340B7F4C9ABA41E36D /* TermsView.swift */,
			);
			path = Support;
			sourceTree = "<group>";
		};
		563E091AF1A8E00F0C181837 /* MerkenIOSUITests */ = {
			isa = PBXGroup;
			children = (
				36643506EBB30535BE85B2BC /* MerkenIOSUITests.swift */,
			);
			path = MerkenIOSUITests;
			sourceTree = "<group>";
		};
		58B313D734CA9896793998DC /* Project */ = {
			isa = PBXGroup;
			children = (
				414D40FE25A20B7FFEE459B4 /* AddToBookshelfSheet.swift */,
				F91B211F2413380DEE2D8E6D /* NotionCheckboxProgress.swift */,
				02599D8FDB49435A2D3070BE /* ProjectDetailView.swift */,
				33F439DA7C119036CF02695B /* ProjectDetailViewModel.swift */,
				2345581B29EC062ACC99457B /* ProjectListView.swift */,
				7487B0340A020CEE4833B4EA /* ProjectListViewModel.swift */,
				F45FCBAC3F7F257F801FF843 /* ProjectShareSheet.swift */,
				C0429CD8188A124D2D26A714 /* WordDetailView.swift */,
				2A5D52FEC41B3B9AFB9AD0BB /* WordEditorSheet.swift */,
				41BF5284FA3263B19D304B15 /* WordListView.swift */,
				1D14F2A209459F83F00FC77C /* WordListViewModel.swift */,
			);
			path = Project;
			sourceTree = "<group>";
		};
		590900F9AAFBB34DC840E0C0 /* Models */ = {
			isa = PBXGroup;
			children = (
				9F0B56826D87C20057FE4A4E /* DomainModels.swift */,
			);
			path = Models;
			sourceTree = "<group>";
		};
		5DFEEE88D30A14B124809900 /* DesignSystem */ = {
			isa = PBXGroup;
			children = (
				A66AD89C96ED3EA46B7F82A7 /* AppBackground.swift */,
				BFDC4E2FCAA2BD217230AEFF /* Formatters.swift */,
				5C2F9AC06DD904DFA1E928C7 /* GlassSurface.swift */,
				BB2F6658A73DB754E2A1A496 /* IconBadge.swift */,
				0DDDA02EEF08933E0DE34910 /* LoginGateView.swift */,
				9A7188A93B5588F5A8186B76 /* MerkenHaptic.swift */,
				4638E459922FDA9ACBD2AACF /* MerkenSpring.swift */,
				42B964C51CAEF1A9D4EDD742 /* SafariView.swift */,
				11D9166060F6627FC5271207 /* Theme.swift */,
				FDD4382AD7F9408A63AF30B7 /* ThemeCubeSelector.swift */,
				7D4BA80D45694303CC33CB7A /* TransparentNavBar.swift */,
			);
			path = DesignSystem;
			sourceTree = "<group>";
		};
		6307BB58FD016FA703AC920A /* Favorites */ = {
			isa = PBXGroup;
			children = (
				1BA600D8106B9DE11429FE05 /* FavoritesView.swift */,
				7856180ECB9636E96DD8EF82 /* FavoritesViewModel.swift */,
			);
			path = Favorites;
			sourceTree = "<group>";
		};
		6A666D88C133A0F76FBD22EA /* SentenceQuiz */ = {
			isa = PBXGroup;
			children = (
				C9414B6AA1ACC54165036B75 /* SentenceQuizQuestionView.swift */,
				C8A672E33199F9405E81A439 /* SentenceQuizView.swift */,
				BA64C56CCA739186C6EEECF6 /* SentenceQuizViewModel.swift */,
			);
			path = SentenceQuiz;
			sourceTree = "<group>";
		};
		6B77C8AC03A8C11DB8880CFB /* Utilities */ = {
			isa = PBXGroup;
			children = (
				DBE81CD4C71A909C3EA547BB /* AnyEncodable.swift */,
				6EDEF00FC28A0DC82D690530 /* DateCoding.swift */,
				AD1DB811009B96029891DEF0 /* ShareImportBridge.swift */,
			);
			name = Utilities;
			path = MerkenIOS/Utilities;
			sourceTree = "<group>";
		};
		6C2FD4CEC22D208E1C26AAEA /* Data */ = {
			isa = PBXGroup;
			children = (
				ED8B40E6DEEC3AE8DD639F9B /* DTO */,
				590900F9AAFBB34DC840E0C0 /* Models */,
				205C9D44E63FCA7951BABC98 /* Repositories */,
				8A731313BD0D2AB25C50CF04 /* Storage */,
			);
			path = Data;
			sourceTree = "<group>";
		};
		795E2F9D811BBDE180A340D5 = {
			isa = PBXGroup;
			children = (
				C53F5B5305AEE47A8F240327 /* MerkenIOS */,
				A84529CF169E205E8C590409 /* MerkenIOSTests */,
				563E091AF1A8E00F0C181837 /* MerkenIOSUITests */,
				BF9E6986769A57F236C3875D /* MerkenShareExtension */,
				6B77C8AC03A8C11DB8880CFB /* Utilities */,
				A4E47FFFF4BBB84C6CBFA7D8 /* Products */,
			);
			sourceTree = "<group>";
		};
		82AEF37365D4BDAB8470A535 /* Services */ = {
			isa = PBXGroup;
			children = (
				613544935B00012992714B3E /* AppConfig.swift */,
				CC9C0DEAE51AE5BC9B58F359 /* AppStoreSubscriptionService.swift */,
				53062913A0AF81DD487C373B /* AuthService.swift */,
				814A7CF70D4F3E1DC2EB6770 /* AuthServiceProtocol.swift */,
				428AEFEFC26B769BAD8753D1 /* BackgroundUploadService.swift */,
				8570BEFEF7F7D0BD044AD165 /* GuestSessionStore.swift */,
				1EFE8C168B7F3CED6C68ABC1 /* ImageCompressor.swift */,
				410B28B95A71D3017B943659 /* QuizStatsStore.swift */,
				EC5806C97C31A6FD766783DC /* ScanNotificationService.swift */,
				92AC65485A0C62F0F0F218C8 /* SentenceQuizProgressStore.swift */,
				B0F0B2A43384E462C70CF7EB /* SupabaseRESTClient.swift */,
				B7862EAE231B0CEACC698DEE /* WebAPIClient.swift */,
			);
			path = Services;
			sourceTree = "<group>";
		};
		858CDB693F09BFDEB4A557DC /* Quiz */ = {
			isa = PBXGroup;
			children = (
				B033DE8DF940A5FC6170CDD4 /* MatchGameView.swift */,
				EA3C3FF0CF278152F28D8277 /* MatchGameViewModel.swift */,
				EF6F0F2F127AFD39A98C076D /* QuizEngine.swift */,
				99EE467D962530D980D8B556 /* QuizView.swift */,
				528A9430116E2D659E74D431 /* QuizViewModel.swift */,
				6A9BB58AB448AAFBF7162B47 /* TimeAttackView.swift */,
				EF1B322479B79E8D7C5B666B /* TimeAttackViewModel.swift */,
			);
			path = Quiz;
			sourceTree = "<group>";
		};
		87DC63C51B789BDB89B9DDA2 /* Features */ = {
			isa = PBXGroup;
			children = (
				3DD3FA5AAE56F743F5E39B75 /* Auth */,
				0FE6BCE4912A4A07343446F2 /* Bookshelf */,
				6307BB58FD016FA703AC920A /* Favorites */,
				D40620301DAAB53B3BF95330 /* Flashcard */,
				99A3142E23A5F9317682E056 /* Home */,
				F5CF032490D5A58085C476C3 /* Onboarding */,
				58B313D734CA9896793998DC /* Project */,
				298C6EAAC7D8BF822C9F88C0 /* QuickResponse */,
				858CDB693F09BFDEB4A557DC /* Quiz */,
				22F0749E75F9A0F874C48083 /* Quiz2 */,
				FB82CF87F3B8743EAA96AC31 /* Scan */,
				0AE0C9656DA51761C0AE7E5E /* Search */,
				6A666D88C133A0F76FBD22EA /* SentenceQuiz */,
				A065FE48D063F0C1694E01F5 /* Settings */,
				2C5666108B9E976A5297325C /* Stats */,
				3EA007F17F88A43CC2AD71FE /* Support */,
			);
			path = Features;
			sourceTree = "<group>";
		};
		8A731313BD0D2AB25C50CF04 /* Storage */ = {
			isa = PBXGroup;
			children = (
				B94F80A1C9518E66BB398B42 /* CachedCloudRecords.swift */,
				F8D492636999D00FF08665C5 /* LocalRecords.swift */,
			);
			path = Storage;
			sourceTree = "<group>";
		};
		99A3142E23A5F9317682E056 /* Home */ = {
			isa = PBXGroup;
			children = (
				A2BBF6E46BC57B5A010E2F19 /* HomeView.swift */,
				5C4B1F5C32E6E783B32304EE /* HomeViewModel.swift */,
			);
			path = Home;
			sourceTree = "<group>";
		};
		A065FE48D063F0C1694E01F5 /* Settings */ = {
			isa = PBXGroup;
			children = (
				A69B31214CA9933F460FF4B7 /* SettingsView.swift */,
			);
			path = Settings;
			sourceTree = "<group>";
		};
		A4E47FFFF4BBB84C6CBFA7D8 /* Products */ = {
			isa = PBXGroup;
			children = (
				79A16D6FAF8B57FA71EDC20D /* MerkenActionExtension.appex */,
				07C64E186F3ECA04DFF2430A /* MerkenIOS.app */,
				CB28D886D7DC412B3B67DC31 /* MerkenIOSTests.xctest */,
				027A78EC4CA2414E8C82E485 /* MerkenIOSUITests.xctest */,
				4C3E0EA0C2395823DEBECE4B /* MerkenShareExtension.appex */,
			);
			name = Products;
			sourceTree = "<group>";
		};
		A84529CF169E205E8C590409 /* MerkenIOSTests */ = {
			isa = PBXGroup;
			children = (
				9DBD7D4AEA23D2B2E005E0C8 /* AppConfigTests.swift */,
				0159492A9773A48A8C36E3DA /* HomeViewModelTests.swift */,
				71D62B44A7683D7C1BF043E6 /* QuizEngineTests.swift */,
				0BEF9420BED0725D89485E72 /* RepositoryRouterTests.swift */,
				FEC3CF40D3CBAF1BCBB4FE7B /* ShareImportBridgeTests.swift */,
				D8FE90AE2328A61EE4BAEBEA /* SupabaseMapperTests.swift */,
			);
			path = MerkenIOSTests;
			sourceTree = "<group>";
		};
		BF9E6986769A57F236C3875D /* MerkenShareExtension */ = {
			isa = PBXGroup;
			children = (
				E2B8A084EB8E09DB73041AEE /* MerkenShareExtension.entitlements */,
				C1F1059DF22F61472C6AB548 /* ShareImportModels.swift */,
				979404E37986CA4245C3D65D /* ShareImportRootView.swift */,
				70EE399A9A7873C8F5DB571D /* ShareImportService.swift */,
				2E2D0D4C99D6ECE8097535C4 /* ShareImportViewModel.swift */,
				38BEEB013EF502F075618F9C /* ShareInputExtractor.swift */,
				9C934020083DE64117685AC1 /* ShareViewController.swift */,
			);
			path = MerkenShareExtension;
			sourceTree = "<group>";
		};
		C53F5B5305AEE47A8F240327 /* MerkenIOS */ = {
			isa = PBXGroup;
			children = (
				86CE00924834B6DF8BF26FEC /* MerkenIOS.entitlements */,
				6782D6FD36E9E4121885F51A /* MerkenIOSDebug.entitlements */,
				CFB603B7A44CF19303626A61 /* App */,
				6C2FD4CEC22D208E1C26AAEA /* Data */,
				5DFEEE88D30A14B124809900 /* DesignSystem */,
				87DC63C51B789BDB89B9DDA2 /* Features */,
				23B01F40948AD16D1754ECC8 /* Resources */,
				82AEF37365D4BDAB8470A535 /* Services */,
				6B77C8AC03A8C11DB8880CFB /* Utilities */,
			);
			path = MerkenIOS;
			sourceTree = "<group>";
		};
		CFB603B7A44CF19303626A61 /* App */ = {
			isa = PBXGroup;
			children = (
				DBF4BC78A93EA57FB70B45A7 /* AppContainer.swift */,
				D145A166F9511A69D4F1E6AF /* AppDelegate.swift */,
				67DB59E13D16B4142BD57BF1 /* AppState.swift */,
				CE1079907B021C4B320F0329 /* MerkenIOSApp.swift */,
				CAE12646C56BDB1E53A54D5B /* RootTabView.swift */,
			);
			path = App;
			sourceTree = "<group>";
		};
		D40620301DAAB53B3BF95330 /* Flashcard */ = {
			isa = PBXGroup;
			children = (
				02365F3E7227E8E11F1404DF /* FlashcardCardView.swift */,
				22C74EC37EB58B4BAB670254 /* FlashcardView.swift */,
				3AA3A85E385350CCF73A4EBE /* FlashcardViewModel.swift */,
				3BF4860BBADC1433E92E83DA /* TinderSortView.swift */,
				162C122575A0D9E100363A55 /* TinderSortViewModel.swift */,
			);
			path = Flashcard;
			sourceTree = "<group>";
		};
		ED8B40E6DEEC3AE8DD639F9B /* DTO */ = {
			isa = PBXGroup;
			children = (
				02C83CC93420B69AA48F302C /* ExtractDTO.swift */,
				EAFC4CF87875A694D2CBAA03 /* SemanticSearchDTO.swift */,
				30935187DFB30E1359223B86 /* SentenceQuizDTO.swift */,
				B7C0DC218030F292F7112841 /* SupabaseDTO.swift */,
			);
			path = DTO;
			sourceTree = "<group>";
		};
		F5CF032490D5A58085C476C3 /* Onboarding */ = {
			isa = PBXGroup;
			children = (
				440AC8F91EC5AD1F2EB83289 /* OnboardingView.swift */,
			);
			path = Onboarding;
			sourceTree = "<group>";
		};
		FB82CF87F3B8743EAA96AC31 /* Scan */ = {
			isa = PBXGroup;
			children = (
				F9615BEF3A9E8F028664EC53 /* CameraView.swift */,
				605CB38C73485BE8EED7F11B /* ImagePreviewView.swift */,
				73D1B91F4FA0D910AD463493 /* ProjectSetupView.swift */,
				0FF9C5352AB1173D35DBB46B /* ScanConfirmView.swift */,
				D263512898639572A6E2CAA9 /* ScanConfirmWordRow.swift */,
				166FFF08F3BA9F490CBB5116 /* ScanCoordinatorView.swift */,
				099A240702660CEA14504514 /* ScanCoordinatorViewModel.swift */,
				A65BEDBFBA6EC1F4F93D8872 /* ScanModeOverlay.swift */,
				1AF8D7611BD342C5EA408E24 /* ScanModeSheet.swift */,
				E7ED26D3452459533CE74952 /* ScanProcessingView.swift */,
			);
			path = Scan;
			sourceTree = "<group>";
		};
/* End PBXGroup section */

/* Begin PBXNativeTarget section */
		21A142AC03639FD96429A742 /* MerkenIOSTests */ = {
			isa = PBXNativeTarget;
			buildConfigurationList = 34EE461671490C8C788A65CC /* Build configuration list for PBXNativeTarget "MerkenIOSTests" */;
			buildPhases = (
				926C5C767434C0199EB4A539 /* Sources */,
			);
			buildRules = (
			);
			dependencies = (
				EBA1DEC81BFD7A3EAB99FB3B /* PBXTargetDependency */,
			);
			name = MerkenIOSTests;
			packageProductDependencies = (
			);
			productName = MerkenIOSTests;
			productReference = CB28D886D7DC412B3B67DC31 /* MerkenIOSTests.xctest */;
			productType = "com.apple.product-type.bundle.unit-test";
		};
		8676408290975E4421DD7490 /* MerkenIOSUITests */ = {
			isa = PBXNativeTarget;
			buildConfigurationList = AC9BD17FDE688EA261571FA1 /* Build configuration list for PBXNativeTarget "MerkenIOSUITests" */;
			buildPhases = (
				5D50A135998199E21D4B2151 /* Sources */,
			);
			buildRules = (
			);
			dependencies = (
				083A10686FC39786BA74FC47 /* PBXTargetDependency */,
			);
			name = MerkenIOSUITests;
			packageProductDependencies = (
			);
			productName = MerkenIOSUITests;
			productReference = 027A78EC4CA2414E8C82E485 /* MerkenIOSUITests.xctest */;
			productType = "com.apple.product-type.bundle.ui-testing";
		};
		8E708409D75766582FD15D6D /* MerkenShareExtension */ = {
			isa = PBXNativeTarget;
			buildConfigurationList = EAF2027BA4D34B863028E46E /* Build configuration list for PBXNativeTarget "MerkenShareExtension" */;
			buildPhases = (
				8280AB00C5D28CC812D8B7CA /* Sources */,
			);
			buildRules = (
			);
			dependencies = (
			);
			name = MerkenShareExtension;
			packageProductDependencies = (
			);
			productName = MerkenShareExtension;
			productReference = 4C3E0EA0C2395823DEBECE4B /* MerkenShareExtension.appex */;
			productType = "com.apple.product-type.app-extension";
		};
		9166A7FCDA9AB29A4ED13263 /* MerkenIOS */ = {
			isa = PBXNativeTarget;
			buildConfigurationList = AD57FAB96D1D10C6FB879A13 /* Build configuration list for PBXNativeTarget "MerkenIOS" */;
			buildPhases = (
				D5B6022F4BB0335FD6B0921F /* Sources */,
				11E70F2211AFD72BB939E35C /* Resources */,
				85CF8BD58197B68A19EB50C6 /* Frameworks */,
				D9110EC00E14974D8EC18B3C /* Embed Foundation Extensions */,
			);
			buildRules = (
			);
			dependencies = (
				A8094581B82B2BA0A5F9344A /* PBXTargetDependency */,
				F15B2329CFB3248321DA963A /* PBXTargetDependency */,
			);
			name = MerkenIOS;
			packageProductDependencies = (
				5EE1AEEA14C8A38C67545674 /* Supabase */,
			);
			productName = MerkenIOS;
			productReference = 07C64E186F3ECA04DFF2430A /* MerkenIOS.app */;
			productType = "com.apple.product-type.application";
		};
		DECF2E004A01913E12D34386 /* MerkenActionExtension */ = {
			isa = PBXNativeTarget;
			buildConfigurationList = 9F1BCE247932F13B511E95B0 /* Build configuration list for PBXNativeTarget "MerkenActionExtension" */;
			buildPhases = (
				1E878E31ABDFD9BC0153DD4B /* Sources */,
			);
			buildRules = (
			);
			dependencies = (
			);
			name = MerkenActionExtension;
			packageProductDependencies = (
			);
			productName = MerkenActionExtension;
			productReference = 79A16D6FAF8B57FA71EDC20D /* MerkenActionExtension.appex */;
			productType = "com.apple.product-type.app-extension";
		};
/* End PBXNativeTarget section */

/* Begin PBXProject section */
		82A383371FEB244CC48E233C /* Project object */ = {
			isa = PBXProject;
			attributes = {
				BuildIndependentTargetsInParallel = YES;
				LastUpgradeCheck = 1600;
				TargetAttributes = {
					21A142AC03639FD96429A742 = {
						DevelopmentTeam = Q3CJ7ARDWL;
						ProvisioningStyle = Automatic;
					};
					8676408290975E4421DD7490 = {
						DevelopmentTeam = Q3CJ7ARDWL;
						ProvisioningStyle = Automatic;
						TestTargetID = 9166A7FCDA9AB29A4ED13263;
					};
					8E708409D75766582FD15D6D = {
						DevelopmentTeam = Q3CJ7ARDWL;
						ProvisioningStyle = Automatic;
					};
					9166A7FCDA9AB29A4ED13263 = {
						DevelopmentTeam = Q3CJ7ARDWL;
						ProvisioningStyle = Automatic;
					};
					DECF2E004A01913E12D34386 = {
						DevelopmentTeam = Q3CJ7ARDWL;
						ProvisioningStyle = Automatic;
					};
				};
			};
			buildConfigurationList = 974C4459BE7CCAB1BB1FFD44 /* Build configuration list for PBXProject "MerkenIOS" */;
			compatibilityVersion = "Xcode 14.0";
			developmentRegion = en;
			hasScannedForEncodings = 0;
			knownRegions = (
				Base,
				en,
			);
			mainGroup = 795E2F9D811BBDE180A340D5;
			minimizedProjectReferenceProxies = 1;
			packageReferences = (
				4275C6624906DE9B3447FAC9 /* XCRemoteSwiftPackageReference "supabase-swift" */,
			);
			preferredProjectObjectVersion = 77;
			projectDirPath = "";
			projectRoot = "";
			targets = (
				DECF2E004A01913E12D34386 /* MerkenActionExtension */,
				9166A7FCDA9AB29A4ED13263 /* MerkenIOS */,
				21A142AC03639FD96429A742 /* MerkenIOSTests */,
				8676408290975E4421DD7490 /* MerkenIOSUITests */,
				8E708409D75766582FD15D6D /* MerkenShareExtension */,
			);
		};
/* End PBXProject section */

/* Begin PBXResourcesBuildPhase section */
		11E70F2211AFD72BB939E35C /* Resources */ = {
			isa = PBXResourcesBuildPhase;
			buildActionMask = 2147483647;
			files = (
				67D2CAD8454BA2D4511708D3 /* Assets.xcassets in Resources */,
			);
			runOnlyForDeploymentPostprocessing = 0;
		};
/* End PBXResourcesBuildPhase section */

/* Begin PBXSourcesBuildPhase section */
		1E878E31ABDFD9BC0153DD4B /* Sources */ = {
			isa = PBXSourcesBuildPhase;
			buildActionMask = 2147483647;
			files = (
				849A404F11C2EFCE5022A00A /* ShareImportBridge.swift in Sources */,
				13908EB1906027E02B76BA50 /* ShareImportModels.swift in Sources */,
				DBD1528243E864424B4F512D /* ShareImportRootView.swift in Sources */,
				63065864DFC5D89FC0D1D213 /* ShareImportService.swift in Sources */,
				FE62BD0D5811B38B7399C1C1 /* ShareImportViewModel.swift in Sources */,
				6458FF5E9E1C161047E6B01B /* ShareInputExtractor.swift in Sources */,
				5CF30DE90BD1EBAC4D73C1E1 /* ShareViewController.swift in Sources */,
			);
			runOnlyForDeploymentPostprocessing = 0;
		};
		5D50A135998199E21D4B2151 /* Sources */ = {
			isa = PBXSourcesBuildPhase;
			buildActionMask = 2147483647;
			files = (
				0882446863187413B23EE0AF /* MerkenIOSUITests.swift in Sources */,
			);
			runOnlyForDeploymentPostprocessing = 0;
		};
		8280AB00C5D28CC812D8B7CA /* Sources */ = {
			isa = PBXSourcesBuildPhase;
			buildActionMask = 2147483647;
			files = (
				17F0CC03925E7CD0D23FFD8D /* ShareImportBridge.swift in Sources */,
				5C5DCED4E8C7D10E39E9463C /* ShareImportModels.swift in Sources */,
				70C70476DB7385FCA834017D /* ShareImportRootView.swift in Sources */,
				0505BA64A0D87B083AEE8A7F /* ShareImportService.swift in Sources */,
				83397F79801E665A640FB3D6 /* ShareImportViewModel.swift in Sources */,
				ECC1398A4F0F3C21CE49983F /* ShareInputExtractor.swift in Sources */,
				73569991A9D9A26EE534E228 /* ShareViewController.swift in Sources */,
			);
			runOnlyForDeploymentPostprocessing = 0;
		};
		926C5C767434C0199EB4A539 /* Sources */ = {
			isa = PBXSourcesBuildPhase;
			buildActionMask = 2147483647;
			files = (
				482261E84A6456F0C6F3A02C /* AppConfigTests.swift in Sources */,
				0376066655E5EABE0DB4932A /* HomeViewModelTests.swift in Sources */,
				EBFB18F68270D0FE7BFB7D66 /* QuizEngineTests.swift in Sources */,
				A0228D436E9BCD28D86DD8C8 /* RepositoryRouterTests.swift in Sources */,
				77AC2478F64DE946E83356E3 /* ShareImportBridgeTests.swift in Sources */,
				6D04CDC167156DF03B926FCB /* SupabaseMapperTests.swift in Sources */,
			);
			runOnlyForDeploymentPostprocessing = 0;
		};
		D5B6022F4BB0335FD6B0921F /* Sources */ = {
			isa = PBXSourcesBuildPhase;
			buildActionMask = 2147483647;
			files = (
				564BCD6FF9B3272904999385 /* AddToBookshelfSheet.swift in Sources */,
				75FCBB75BC079EB9D04CC733 /* AnyEncodable.swift in Sources */,
				497DD811DD4A5BA806F9FD4A /* AppBackground.swift in Sources */,
				64B79F3BDD97BC6113898D10 /* AppConfig.swift in Sources */,
				5F76F43BC7B3FE61CAEB7858 /* AppContainer.swift in Sources */,
				2355A94737AD853DF3B1E1BF /* AppDelegate.swift in Sources */,
				F23A9AA9BC3CDF6120F3E8C5 /* AppState.swift in Sources */,
				B37B22C5DAFC5A44AA0D13BD /* AppStoreSubscriptionService.swift in Sources */,
				82E3842364E5C2F8F66D7F2B /* AuthService.swift in Sources */,
				6D94DB218DF03851DCC0E86F /* AuthServiceProtocol.swift in Sources */,
				BA3936137E7FD0CF0CAFF440 /* BackgroundUploadService.swift in Sources */,
				C0D1BFD2525AC06C12E00B9B /* BookshelfDetailView.swift in Sources */,
				C7492B8FCE18E49256133BED /* BookshelfDetailViewModel.swift in Sources */,
				ED496F4B5806EBAB417FE012 /* BookshelfListView.swift in Sources */,
				8F170F737F56C68101EACA04 /* BookshelfListViewModel.swift in Sources */,
				40EE2EAED93CC20EAF2C8456 /* BookshelfTabView.swift in Sources */,
				93FE5BE3095CF5B910FA2A94 /* CachedCloudRecords.swift in Sources */,
				0B27CA4836C5936A0A782BAD /* CameraView.swift in Sources */,
				C0AD97163A32A356886C0F98 /* CloudOfflineCacheStore.swift in Sources */,
				039FC85290FB5D2856C5C06B /* CloudWordRepository.swift in Sources */,
				1D0E00DC0F465DA6B12CD3F3 /* CollectionRepository.swift in Sources */,
				1229A3D5CE47F93AA64634CE /* ContactView.swift in Sources */,
				266B6E8CDFAF1633BAAB2B27 /* CreateBookshelfSheet.swift in Sources */,
				390C1A2B033473D4C459337C /* DateCoding.swift in Sources */,
				2A8732D1BC569A3ECAD64CA3 /* DomainModels.swift in Sources */,
				BC48D87E377015022E8017C1 /* ExtractDTO.swift in Sources */,
				684C84310A96A22D34437046 /* FavoritesView.swift in Sources */,
				C7CA85C04850AAE4235D41D8 /* FavoritesViewModel.swift in Sources */,
				BAE610992EF94B082753128F /* FlashcardCardView.swift in Sources */,
				AE7EE2C756414015794DAEBA /* FlashcardView.swift in Sources */,
				05F3446C0866B4D578EA912E /* FlashcardViewModel.swift in Sources */,
				E2CEB7BD87A413D98979F166 /* Formatters.swift in Sources */,
				5819BA1E558A83EA4D4952BF /* GlassSurface.swift in Sources */,
				62F1E90A617D1E7A791D0047 /* GuestSessionStore.swift in Sources */,
				F820BACC62EB5186ED27A0A5 /* HomeView.swift in Sources */,
				5622E481DFE4018505C6294E /* HomeViewModel.swift in Sources */,
				285B1F6A64363279D591E317 /* IconBadge.swift in Sources */,
				38CDE077537991E745B6A502 /* ImageCompressor.swift in Sources */,
				B7E529B7FF94D761C9A5905E /* ImagePreviewView.swift in Sources */,
				4EBFDB6D125B13FD50C69AD3 /* LocalRecords.swift in Sources */,
				DF5C281FC16649431FC0AD17 /* LocalWordRepository.swift in Sources */,
				45583E1DC5B732A000DCEC24 /* LoginGateView.swift in Sources */,
				FD3341F4553CAE7D864F16E4 /* MatchGameView.swift in Sources */,
				DAC2161A6BD169C5E28EEB8F /* MatchGameViewModel.swift in Sources */,
				273131CA834450DC3A3AB2CC /* MerkenHaptic.swift in Sources */,
				EAF60A35EAA71B9346277668 /* MerkenIOSApp.swift in Sources */,
				FB15597E795E4FA273F4E323 /* MerkenSpring.swift in Sources */,
				BF6F3118F98C4640F4890713 /* NotionCheckboxProgress.swift in Sources */,
				FADAC4BA4D90C32BB9A15626 /* OfflineFirstCloudRepository.swift in Sources */,
				34E78FB657D1F4BDA3030A59 /* OnboardingView.swift in Sources */,
				F2A1C211837FAF67455C621B /* PrivacyView.swift in Sources */,
				C2CC9E2D77F1F0DE9240BC85 /* ProjectDetailView.swift in Sources */,
				D963FD784830B6369DC2D54C /* ProjectDetailViewModel.swift in Sources */,
				3A52EDBC991FE880384EC4FC /* ProjectListView.swift in Sources */,
				59FC9E3327998707F9D38AAD /* ProjectListViewModel.swift in Sources */,
				E4AF1D1F6AFDE50AF7005414 /* ProjectSetupView.swift in Sources */,
				F96ED375D906769E14B6B629 /* ProjectShareSheet.swift in Sources */,
				254186A41262DF4FFC90E099 /* QuickResponseView.swift in Sources */,
				317B896DAFCC0F95C8027679 /* QuickResponseViewModel.swift in Sources */,
				6497ECA5567F0DFA0045EE83 /* Quiz2View.swift in Sources */,
				E3F9E813DCAEEEC9A0CE1C7E /* Quiz2ViewModel.swift in Sources */,
				DF519259E3E588F1C227D7F1 /* QuizEngine.swift in Sources */,
				03F6B6B362CFA4BB86388559 /* QuizStatsStore.swift in Sources */,
				D59BDF4D6ACB1F376EEFE0AE /* QuizView.swift in Sources */,
				46240C42F098431A0C66CA94 /* QuizViewModel.swift in Sources */,
				7CC52CC8E5530FF41FCAD4B4 /* RepositoryRouter.swift in Sources */,
				5F2888977D3C580930B7A405 /* RootTabView.swift in Sources */,
				466006A97601CF4125018595 /* SafariView.swift in Sources */,
				43C6C458CE58EA3A9C3F6E85 /* ScanConfirmView.swift in Sources */,
				83016F6FAA440810A08E27EA /* ScanConfirmWordRow.swift in Sources */,
				9B5FA3CD40D667AB7685083B /* ScanCoordinatorView.swift in Sources */,
				828DE6B743BDB937942A8B4B /* ScanCoordinatorViewModel.swift in Sources */,
				898403DEC44950ED0109953C /* ScanModeOverlay.swift in Sources */,
				CF004965918E13212A60CBEE /* ScanModeSheet.swift in Sources */,
				E87EE2A03CF3DA72D7C423E6 /* ScanNotificationService.swift in Sources */,
				C43D4C56E52E03822790EEC1 /* ScanProcessingView.swift in Sources */,
				BA024A6E34EB8AE537B3E75F /* SearchView.swift in Sources */,
				182F673E075ACB143251C4D5 /* SearchViewModel.swift in Sources */,
				2078F8A78CDBCEB131B6C304 /* SemanticSearchDTO.swift in Sources */,
				590F801E938E63F25CF704A4 /* SentenceQuizDTO.swift in Sources */,
				145BC20C68028ED44310247E /* SentenceQuizProgressStore.swift in Sources */,
				96C542270D842D2F09B4E980 /* SentenceQuizQuestionView.swift in Sources */,
				34269B6CA4AAC44BEB00B85B /* SentenceQuizView.swift in Sources */,
				492D27CB88B80590F8AA2C16 /* SentenceQuizViewModel.swift in Sources */,
				77BDD39B137C1B1CFD276E75 /* SettingsView.swift in Sources */,
				BFCB641E138706AB84EA25A4 /* ShareImportBridge.swift in Sources */,
				E993AFEE98A12595F31D0061 /* SignUpOTPView.swift in Sources */,
				18CCDBCCDF984BA55D4FA769 /* SignUpView.swift in Sources */,
				919064F5426502F3316FFA98 /* StatsView.swift in Sources */,
				0467C68EF7AB529E9FEDB44C /* StatsViewModel.swift in Sources */,
				D19A2892F506FD1D2E3ED45A /* SupabaseDTO.swift in Sources */,
				ECE4917A7873E48EF4F1FFB3 /* SupabaseRESTClient.swift in Sources */,
				F9FB74015B660AF932B5FDA1 /* TermsView.swift in Sources */,
				62A5EC3CC7DDF8557607B5E6 /* Theme.swift in Sources */,
				2682725F7B2DF61C065B61F7 /* ThemeCubeSelector.swift in Sources */,
				3E37F4205F1D1AE1A71E1CC4 /* TimeAttackView.swift in Sources */,
				622A1093221282ADF1E4C28E /* TimeAttackViewModel.swift in Sources */,
				C9EB59E96ABEA0509477093E /* TinderSortView.swift in Sources */,
				DCD1AEAC2A68A214B183F1A4 /* TinderSortViewModel.swift in Sources */,
				3AEE7297E786FDF8D1C697D7 /* TransparentNavBar.swift in Sources */,
				63EA34C1ED8EDDF9B40AF01A /* WebAPIClient.swift in Sources */,
				F19893A3158F463E36D4D28E /* WordDetailView.swift in Sources */,
				1B05C8B3314E080C773BE2A9 /* WordEditorSheet.swift in Sources */,
				38E4C70E759B6CF75E34E402 /* WordListView.swift in Sources */,
				2E43FB64DB0C1E38FE9E55FA /* WordListViewModel.swift in Sources */,
				968E57F7E9F2E41C175296C7 /* WordRepositoryProtocol.swift in Sources */,
			);
			runOnlyForDeploymentPostprocessing = 0;
		};
/* End PBXSourcesBuildPhase section */

/* Begin PBXTargetDependency section */
		083A10686FC39786BA74FC47 /* PBXTargetDependency */ = {
			isa = PBXTargetDependency;
			target = 9166A7FCDA9AB29A4ED13263 /* MerkenIOS */;
			targetProxy = C09606E533ECFC15692ED31E /* PBXContainerItemProxy */;
		};
		A8094581B82B2BA0A5F9344A /* PBXTargetDependency */ = {
			isa = PBXTargetDependency;
			target = 8E708409D75766582FD15D6D /* MerkenShareExtension */;
			targetProxy = 1A3014A53B5F2530D829C5AD /* PBXContainerItemProxy */;
		};
		EBA1DEC81BFD7A3EAB99FB3B /* PBXTargetDependency */ = {
			isa = PBXTargetDependency;
			target = 9166A7FCDA9AB29A4ED13263 /* MerkenIOS */;
			targetProxy = 2B7B31F08134B5F48D047C4C /* PBXContainerItemProxy */;
		};
		F15B2329CFB3248321DA963A /* PBXTargetDependency */ = {
			isa = PBXTargetDependency;
			target = DECF2E004A01913E12D34386 /* MerkenActionExtension */;
			targetProxy = DF5885B9ED5D5E9915A33267 /* PBXContainerItemProxy */;
		};
/* End PBXTargetDependency section */

/* Begin XCBuildConfiguration section */
		35B43657F5449683C08C7303 /* Debug */ = {
			isa = XCBuildConfiguration;
			buildSettings = {
				BUNDLE_LOADER = "$(TEST_HOST)";
				GENERATE_INFOPLIST_FILE = YES;
				IPHONEOS_DEPLOYMENT_TARGET = 26.0;
				LD_RUNPATH_SEARCH_PATHS = (
					"$(inherited)",
					"@executable_path/Frameworks",
					"@loader_path/Frameworks",
				);
				SDKROOT = iphoneos;
				TARGETED_DEVICE_FAMILY = 1;
				TEST_HOST = "$(BUILT_PRODUCTS_DIR)/MerkenIOS.app/MerkenIOS";
			};
			name = Debug;
		};
		4510CC5BCC667CEF959B06F6 /* Debug */ = {
			isa = XCBuildConfiguration;
			buildSettings = {
				CODE_SIGN_ENTITLEMENTS = MerkenShareExtension/MerkenShareExtension.entitlements;
				INFOPLIST_FILE = MerkenShareExtension/Resources/Info.plist;
				IPHONEOS_DEPLOYMENT_TARGET = 26.0;
				LD_RUNPATH_SEARCH_PATHS = (
					"$(inherited)",
					"@executable_path/Frameworks",
					"@executable_path/../../Frameworks",
				);
				PRODUCT_BUNDLE_IDENTIFIER = com.merken.iosnative.ShareExtension;
				PRODUCT_NAME = MerkenShareExtension;
				SDKROOT = iphoneos;
				SWIFT_EMIT_LOC_STRINGS = YES;
				TARGETED_DEVICE_FAMILY = 1;
			};
			name = Debug;
		};
		547189679020368A037F7D3B /* Debug */ = {
			isa = XCBuildConfiguration;
			buildSettings = {
				CODE_SIGN_ENTITLEMENTS = MerkenActionExtension/MerkenActionExtension.entitlements;
				INFOPLIST_FILE = MerkenActionExtension/Resources/Info.plist;
				IPHONEOS_DEPLOYMENT_TARGET = 26.0;
				LD_RUNPATH_SEARCH_PATHS = (
					"$(inherited)",
					"@executable_path/Frameworks",
					"@executable_path/../../Frameworks",
				);
				PRODUCT_BUNDLE_IDENTIFIER = com.merken.iosnative.ActionExtension;
				PRODUCT_NAME = MerkenActionExtension;
				SDKROOT = iphoneos;
				SWIFT_EMIT_LOC_STRINGS = YES;
				TARGETED_DEVICE_FAMILY = 1;
			};
			name = Debug;
		};
		87F6FBBAD8F8A40D0294E623 /* Release */ = {
			isa = XCBuildConfiguration;
			buildSettings = {
				BUNDLE_LOADER = "$(TEST_HOST)";
				GENERATE_INFOPLIST_FILE = YES;
				IPHONEOS_DEPLOYMENT_TARGET = 26.0;
				LD_RUNPATH_SEARCH_PATHS = (
					"$(inherited)",
					"@executable_path/Frameworks",
					"@loader_path/Frameworks",
				);
				SDKROOT = iphoneos;
				TARGETED_DEVICE_FAMILY = 1;
				TEST_TARGET_NAME = MerkenIOS;
			};
			name = Release;
		};
		8A70E6FA16E8381672F54AC9 /* Debug */ = {
			isa = XCBuildConfiguration;
			buildSettings = {
				BUNDLE_LOADER = "$(TEST_HOST)";
				GENERATE_INFOPLIST_FILE = YES;
				IPHONEOS_DEPLOYMENT_TARGET = 26.0;
				LD_RUNPATH_SEARCH_PATHS = (
					"$(inherited)",
					"@executable_path/Frameworks",
					"@loader_path/Frameworks",
				);
				SDKROOT = iphoneos;
				TARGETED_DEVICE_FAMILY = 1;
				TEST_TARGET_NAME = MerkenIOS;
			};
			name = Debug;
		};
		AF0211A01988154F5AB1490D /* Debug */ = {
			isa = XCBuildConfiguration;
			buildSettings = {
				ASSETCATALOG_COMPILER_APPICON_NAME = AppIcon;
				CODE_SIGN_ENTITLEMENTS = MerkenIOS/MerkenIOS.entitlements;
				CODE_SIGN_IDENTITY = "iPhone Developer";
				ENABLE_PREVIEWS = YES;
				INFOPLIST_FILE = MerkenIOS/Resources/Info.plist;
				IPHONEOS_DEPLOYMENT_TARGET = 26.0;
				LD_RUNPATH_SEARCH_PATHS = (
					"$(inherited)",
					"@executable_path/Frameworks",
				);
				PRODUCT_NAME = MerkenIOS;
				SDKROOT = iphoneos;
				SWIFT_EMIT_LOC_STRINGS = YES;
				TARGETED_DEVICE_FAMILY = 1;
			};
			name = Debug;
		};
		AFAE25621989A95DD99F69B5 /* Debug */ = {
			isa = XCBuildConfiguration;
			buildSettings = {
				ALWAYS_SEARCH_USER_PATHS = NO;
				ASSETCATALOG_COMPILER_GENERATE_SWIFT_ASSET_SYMBOL_EXTENSIONS = YES;
				CLANG_ANALYZER_NONNULL = YES;
				CLANG_ANALYZER_NUMBER_OBJECT_CONVERSION = YES_AGGRESSIVE;
				CLANG_CXX_LANGUAGE_STANDARD = "gnu++14";
				CLANG_CXX_LIBRARY = "libc++";
				CLANG_ENABLE_MODULES = YES;
				CLANG_ENABLE_OBJC_ARC = YES;
				CLANG_ENABLE_OBJC_WEAK = YES;
				CLANG_WARN_BLOCK_CAPTURE_AUTORELEASING = YES;
				CLANG_WARN_BOOL_CONVERSION = YES;
				CLANG_WARN_COMMA = YES;
				CLANG_WARN_CONSTANT_CONVERSION = YES;
				CLANG_WARN_DEPRECATED_OBJC_IMPLEMENTATIONS = YES;
				CLANG_WARN_DIRECT_OBJC_ISA_USAGE = YES_ERROR;
				CLANG_WARN_DOCUMENTATION_COMMENTS = YES;
				CLANG_WARN_EMPTY_BODY = YES;
				CLANG_WARN_ENUM_CONVERSION = YES;
				CLANG_WARN_INFINITE_RECURSION = YES;
				CLANG_WARN_INT_CONVERSION = YES;
				CLANG_WARN_NON_LITERAL_NULL_CONVERSION = YES;
				CLANG_WARN_OBJC_IMPLICIT_RETAIN_SELF = YES;
				CLANG_WARN_OBJC_LITERAL_CONVERSION = YES;
				CLANG_WARN_OBJC_ROOT_CLASS = YES_ERROR;
				CLANG_WARN_QUOTED_INCLUDE_IN_FRAMEWORK_HEADER = YES;
				CLANG_WARN_RANGE_LOOP_ANALYSIS = YES;
				CLANG_WARN_STRICT_PROTOTYPES = YES;
				CLANG_WARN_SUSPICIOUS_MOVE = YES;
				CLANG_WARN_UNGUARDED_AVAILABILITY = YES_AGGRESSIVE;
				CLANG_WARN_UNREACHABLE_CODE = YES;
				CLANG_WARN__DUPLICATE_METHOD_MATCH = YES;
				CODE_SIGN_STYLE = Automatic;
				COPY_PHASE_STRIP = NO;
				DEBUG_INFORMATION_FORMAT = dwarf;
				DEVELOPMENT_TEAM = Q3CJ7ARDWL;
				ENABLE_STRICT_OBJC_MSGSEND = YES;
				ENABLE_TESTABILITY = YES;
				GCC_C_LANGUAGE_STANDARD = gnu11;
				GCC_DYNAMIC_NO_PIC = NO;
				GCC_NO_COMMON_BLOCKS = YES;
				GCC_OPTIMIZATION_LEVEL = 0;
				GCC_PREPROCESSOR_DEFINITIONS = (
					"$(inherited)",
					"DEBUG=1",
				);
				GCC_WARN_64_TO_32_BIT_CONVERSION = YES;
				GCC_WARN_ABOUT_RETURN_TYPE = YES_ERROR;
				GCC_WARN_UNDECLARED_SELECTOR = YES;
				GCC_WARN_UNINITIALIZED_AUTOS = YES_AGGRESSIVE;
				GCC_WARN_UNUSED_FUNCTION = YES;
				GCC_WARN_UNUSED_VARIABLE = YES;
				IPHONEOS_DEPLOYMENT_TARGET = 26.0;
				MTL_ENABLE_DEBUG_INFO = INCLUDE_SOURCE;
				MTL_FAST_MATH = YES;
				ONLY_ACTIVE_ARCH = YES;
				PRODUCT_BUNDLE_IDENTIFIER = com.merken.iosnative;
				PRODUCT_NAME = "$(TARGET_NAME)";
				SDKROOT = iphoneos;
				SUPPORTS_MACCATALYST = NO;
				SUPPORTS_MAC_DESIGNED_FOR_IPHONE_IPAD = NO;
				SWIFT_ACTIVE_COMPILATION_CONDITIONS = DEBUG;
				SWIFT_OPTIMIZATION_LEVEL = "-Onone";
				SWIFT_VERSION = 5.10;
				TARGETED_DEVICE_FAMILY = 1;
			};
			name = Debug;
		};
		B17CE6D888F755C4B37FBEB1 /* Release */ = {
			isa = XCBuildConfiguration;
			buildSettings = {
				CODE_SIGN_ENTITLEMENTS = MerkenActionExtension/MerkenActionExtension.entitlements;
				INFOPLIST_FILE = MerkenActionExtension/Resources/Info.plist;
				IPHONEOS_DEPLOYMENT_TARGET = 26.0;
				LD_RUNPATH_SEARCH_PATHS = (
					"$(inherited)",
					"@executable_path/Frameworks",
					"@executable_path/../../Frameworks",
				);
				PRODUCT_BUNDLE_IDENTIFIER = com.merken.iosnative.ActionExtension;
				PRODUCT_NAME = MerkenActionExtension;
				SDKROOT = iphoneos;
				SWIFT_EMIT_LOC_STRINGS = YES;
				TARGETED_DEVICE_FAMILY = 1;
			};
			name = Release;
		};
		B95645CA11373F61C2645CB6 /* Release */ = {
			isa = XCBuildConfiguration;
			buildSettings = {
				BUNDLE_LOADER = "$(TEST_HOST)";
				GENERATE_INFOPLIST_FILE = YES;
				IPHONEOS_DEPLOYMENT_TARGET = 26.0;
				LD_RUNPATH_SEARCH_PATHS = (
					"$(inherited)",
					"@executable_path/Frameworks",
					"@loader_path/Frameworks",
				);
				SDKROOT = iphoneos;
				TARGETED_DEVICE_FAMILY = 1;
				TEST_HOST = "$(BUILT_PRODUCTS_DIR)/MerkenIOS.app/MerkenIOS";
			};
			name = Release;
		};
		CAF0D1D73EB0C6E947911995 /* Release */ = {
			isa = XCBuildConfiguration;
			buildSettings = {
				ASSETCATALOG_COMPILER_APPICON_NAME = AppIcon;
				CODE_SIGN_ENTITLEMENTS = MerkenIOS/MerkenIOS.entitlements;
				CODE_SIGN_IDENTITY = "iPhone Developer";
				ENABLE_PREVIEWS = YES;
				INFOPLIST_FILE = MerkenIOS/Resources/Info.plist;
				IPHONEOS_DEPLOYMENT_TARGET = 26.0;
				LD_RUNPATH_SEARCH_PATHS = (
					"$(inherited)",
					"@executable_path/Frameworks",
				);
				PRODUCT_NAME = MerkenIOS;
				SDKROOT = iphoneos;
				SWIFT_EMIT_LOC_STRINGS = YES;
				TARGETED_DEVICE_FAMILY = 1;
			};
			name = Release;
		};
		CCB57586DA44D27DED8C639E /* Release */ = {
			isa = XCBuildConfiguration;
			buildSettings = {
				CODE_SIGN_ENTITLEMENTS = MerkenShareExtension/MerkenShareExtension.entitlements;
				INFOPLIST_FILE = MerkenShareExtension/Resources/Info.plist;
				IPHONEOS_DEPLOYMENT_TARGET = 26.0;
				LD_RUNPATH_SEARCH_PATHS = (
					"$(inherited)",
					"@executable_path/Frameworks",
					"@executable_path/../../Frameworks",
				);
				PRODUCT_BUNDLE_IDENTIFIER = com.merken.iosnative.ShareExtension;
				PRODUCT_NAME = MerkenShareExtension;
				SDKROOT = iphoneos;
				SWIFT_EMIT_LOC_STRINGS = YES;
				TARGETED_DEVICE_FAMILY = 1;
			};
			name = Release;
		};
		D3BB7658444FAD59B231B8E3 /* Release */ = {
			isa = XCBuildConfiguration;
			buildSettings = {
				ALWAYS_SEARCH_USER_PATHS = NO;
				ASSETCATALOG_COMPILER_GENERATE_SWIFT_ASSET_SYMBOL_EXTENSIONS = YES;
				CLANG_ANALYZER_NONNULL = YES;
				CLANG_ANALYZER_NUMBER_OBJECT_CONVERSION = YES_AGGRESSIVE;
				CLANG_CXX_LANGUAGE_STANDARD = "gnu++14";
				CLANG_CXX_LIBRARY = "libc++";
				CLANG_ENABLE_MODULES = YES;
				CLANG_ENABLE_OBJC_ARC = YES;
				CLANG_ENABLE_OBJC_WEAK = YES;
				CLANG_WARN_BLOCK_CAPTURE_AUTORELEASING = YES;
				CLANG_WARN_BOOL_CONVERSION = YES;
				CLANG_WARN_COMMA = YES;
				CLANG_WARN_CONSTANT_CONVERSION = YES;
				CLANG_WARN_DEPRECATED_OBJC_IMPLEMENTATIONS = YES;
				CLANG_WARN_DIRECT_OBJC_ISA_USAGE = YES_ERROR;
				CLANG_WARN_DOCUMENTATION_COMMENTS = YES;
				CLANG_WARN_EMPTY_BODY = YES;
				CLANG_WARN_ENUM_CONVERSION = YES;
				CLANG_WARN_INFINITE_RECURSION = YES;
				CLANG_WARN_INT_CONVERSION = YES;
				CLANG_WARN_NON_LITERAL_NULL_CONVERSION = YES;
				CLANG_WARN_OBJC_IMPLICIT_RETAIN_SELF = YES;
				CLANG_WARN_OBJC_LITERAL_CONVERSION = YES;
				CLANG_WARN_OBJC_ROOT_CLASS = YES_ERROR;
				CLANG_WARN_QUOTED_INCLUDE_IN_FRAMEWORK_HEADER = YES;
				CLANG_WARN_RANGE_LOOP_ANALYSIS = YES;
				CLANG_WARN_STRICT_PROTOTYPES = YES;
				CLANG_WARN_SUSPICIOUS_MOVE = YES;
				CLANG_WARN_UNGUARDED_AVAILABILITY = YES_AGGRESSIVE;
				CLANG_WARN_UNREACHABLE_CODE = YES;
				CLANG_WARN__DUPLICATE_METHOD_MATCH = YES;
				CODE_SIGN_STYLE = Automatic;
				COPY_PHASE_STRIP = NO;
				DEBUG_INFORMATION_FORMAT = "dwarf-with-dsym";
				DEVELOPMENT_TEAM = Q3CJ7ARDWL;
				ENABLE_NS_ASSERTIONS = NO;
				ENABLE_STRICT_OBJC_MSGSEND = YES;
				GCC_C_LANGUAGE_STANDARD = gnu11;
				GCC_NO_COMMON_BLOCKS = YES;
				GCC_WARN_64_TO_32_BIT_CONVERSION = YES;
				GCC_WARN_ABOUT_RETURN_TYPE = YES_ERROR;
				GCC_WARN_UNDECLARED_SELECTOR = YES;
				GCC_WARN_UNINITIALIZED_AUTOS = YES_AGGRESSIVE;
				GCC_WARN_UNUSED_FUNCTION = YES;
				GCC_WARN_UNUSED_VARIABLE = YES;
				IPHONEOS_DEPLOYMENT_TARGET = 26.0;
				MTL_ENABLE_DEBUG_INFO = NO;
				MTL_FAST_MATH = YES;
				PRODUCT_BUNDLE_IDENTIFIER = com.merken.iosnative;
				PRODUCT_NAME = "$(TARGET_NAME)";
				SDKROOT = iphoneos;
				SUPPORTS_MACCATALYST = NO;
				SUPPORTS_MAC_DESIGNED_FOR_IPHONE_IPAD = NO;
				SWIFT_COMPILATION_MODE = wholemodule;
				SWIFT_OPTIMIZATION_LEVEL = "-O";
				SWIFT_VERSION = 5.10;
				TARGETED_DEVICE_FAMILY = 1;
			};
			name = Release;
		};
/* End XCBuildConfiguration section */

/* Begin XCConfigurationList section */
		34EE461671490C8C788A65CC /* Build configuration list for PBXNativeTarget "MerkenIOSTests" */ = {
			isa = XCConfigurationList;
			buildConfigurations = (
				35B43657F5449683C08C7303 /* Debug */,
				B95645CA11373F61C2645CB6 /* Release */,
			);
			defaultConfigurationIsVisible = 0;
			defaultConfigurationName = Debug;
		};
		974C4459BE7CCAB1BB1FFD44 /* Build configuration list for PBXProject "MerkenIOS" */ = {
			isa = XCConfigurationList;
			buildConfigurations = (
				AFAE25621989A95DD99F69B5 /* Debug */,
				D3BB7658444FAD59B231B8E3 /* Release */,
			);
			defaultConfigurationIsVisible = 0;
			defaultConfigurationName = Debug;
		};
		9F1BCE247932F13B511E95B0 /* Build configuration list for PBXNativeTarget "MerkenActionExtension" */ = {
			isa = XCConfigurationList;
			buildConfigurations = (
				547189679020368A037F7D3B /* Debug */,
				B17CE6D888F755C4B37FBEB1 /* Release */,
			);
			defaultConfigurationIsVisible = 0;
			defaultConfigurationName = Debug;
		};
		AC9BD17FDE688EA261571FA1 /* Build configuration list for PBXNativeTarget "MerkenIOSUITests" */ = {
			isa = XCConfigurationList;
			buildConfigurations = (
				8A70E6FA16E8381672F54AC9 /* Debug */,
				87F6FBBAD8F8A40D0294E623 /* Release */,
			);
			defaultConfigurationIsVisible = 0;
			defaultConfigurationName = Debug;
		};
		AD57FAB96D1D10C6FB879A13 /* Build configuration list for PBXNativeTarget "MerkenIOS" */ = {
			isa = XCConfigurationList;
			buildConfigurations = (
				AF0211A01988154F5AB1490D /* Debug */,
				CAF0D1D73EB0C6E947911995 /* Release */,
			);
			defaultConfigurationIsVisible = 0;
			defaultConfigurationName = Debug;
		};
		EAF2027BA4D34B863028E46E /* Build configuration list for PBXNativeTarget "MerkenShareExtension" */ = {
			isa = XCConfigurationList;
			buildConfigurations = (
				4510CC5BCC667CEF959B06F6 /* Debug */,
				CCB57586DA44D27DED8C639E /* Release */,
			);
			defaultConfigurationIsVisible = 0;
			defaultConfigurationName = Debug;
		};
/* End XCConfigurationList section */

/* Begin XCRemoteSwiftPackageReference section */
		4275C6624906DE9B3447FAC9 /* XCRemoteSwiftPackageReference "supabase-swift" */ = {
			isa = XCRemoteSwiftPackageReference;
			repositoryURL = "https://github.com/supabase/supabase-swift";
			requirement = {
				kind = upToNextMajorVersion;
				minimumVersion = 2.26.0;
			};
		};
/* End XCRemoteSwiftPackageReference section */

/* Begin XCSwiftPackageProductDependency section */
		5EE1AEEA14C8A38C67545674 /* Supabase */ = {
			isa = XCSwiftPackageProductDependency;
			package = 4275C6624906DE9B3447FAC9 /* XCRemoteSwiftPackageReference "supabase-swift" */;
			productName = Supabase;
		};
/* End XCSwiftPackageProductDependency section */
	};
	rootObject = 82A383371FEB244CC48E233C /* Project object */;
}
